
Microsoft Visual Studio Solution File, Format Version 12.00
# Visual Studio Version 17
VisualStudioVersion = 17.0.31903.59
MinimumVisualStudioVersion = 10.0.40219.1
Project("{9A19103F-16F7-4668-BE54-9A1E7A4F7556}") = "Lambda", "Lambda\Lambda.csproj", "{548C4A45-4389-4A59-800C-FB28A4ABC8BF}"
EndProject
Project("{9A19103F-16F7-4668-BE54-9A1E7A4F7556}") = "Instrinsics", "Numerics\Instrinsics.csproj", "{15C0AE3A-6E86-402A-872D-88644C3F059D}"
EndProject
Project("{9A19103F-16F7-4668-BE54-9A1E7A4F7556}") = "Floating-Point Types", "Floating-Point Types\Floating-Point Types.csproj", "{FB2867BA-7988-43DB-B6CB-4A6B3F6B05B4}"
EndProject
Project("{9A19103F-16F7-4668-BE54-9A1E7A4F7556}") = "Vector", "Vector\Vector.csproj", "{8471A11A-89F2-47AA-BC2D-CA70BDE47B5A}"
EndProject
Project("{9A19103F-16F7-4668-BE54-9A1E7A4F7556}") = "System.Type", "Reflection\System.Type.csproj", "{F8CE0035-92E9-471E-807E-D468EE2F0510}"
EndProject
Project("{9A19103F-16F7-4668-BE54-9A1E7A4F7556}") = "Reflection - Delegates and Events", "Reflection - Delegates and Events\Reflection - Delegates and Events.csproj", "{B86F60EC-DF97-4FF4-8C0C-D8D7C150F0F3}"
EndProject
Project("{9A19103F-16F7-4668-BE54-9A1E7A4F7556}") = "Reflection - Attributes", "Reflection - Attributes\Reflection - Attributes.csproj", "{213DCF8A-8D69-449C-B70A-CD4C95580D40}"
EndProject
Project("{2150E333-8FDC-42A3-9474-1A3956D46DE8}") = "Numerics", "Numerics", "{3E3DB345-C5A7-4736-B925-A9125E832CE4}"
EndProject
Project("{2150E333-8FDC-42A3-9474-1A3956D46DE8}") = "Reflection", "Reflection", "{E7161EF4-F0DF-4933-B638-80A73F5DE9F6}"
EndProject
Project("{2150E333-8FDC-42A3-9474-1A3956D46DE8}") = "Operators", "Operators", "{4E96F498-D9F0-4C86-A1AF-F311573787C6}"
EndProject
Project("{2150E333-8FDC-42A3-9474-1A3956D46DE8}") = "Extention Methods", "Extention Methods", "{0760940F-69AC-444D-BCA1-071E14BF3971}"
EndProject
Project("{9A19103F-16F7-4668-BE54-9A1E7A4F7556}") = "ExtentionMethods", "ExtentionMethods\ExtentionMethods.csproj", "{744E4122-1AA3-4215-A42F-70BD44EB4BBA}"
EndProject
Project("{9A19103F-16F7-4668-BE54-9A1E7A4F7556}") = "Extention methods on ValueTuples", "Extention methods on ValueTuples\Extention methods on ValueTuples.csproj", "{5772D5ED-A1AA-4084-861E-05263DF967C7}"
EndProject
Project("{2150E333-8FDC-42A3-9474-1A3956D46DE8}") = "Dynamic", "Dynamic", "{30A6F008-2922-4C41-B1BC-2D275123DFD4}"
EndProject
Project("{9A19103F-16F7-4668-BE54-9A1E7A4F7556}") = "Dynamic", "Dynamic\Dynamic.csproj", "{F0488CFE-1D85-4AA6-BD10-BFC54A826F21}"
EndProject
Project("{9A19103F-16F7-4668-BE54-9A1E7A4F7556}") = "ExpandoObject", "ExpandoObject\ExpandoObject.csproj", "{C5509F2C-7B6D-430F-989D-591D568FE54B}"
EndProject
Project("{2150E333-8FDC-42A3-9474-1A3956D46DE8}") = "Memory Management", "Memory Management", "{6DEAF816-6FFC-4866-9F38-6C05EE9294E1}"
EndProject
Project("{9A19103F-16F7-4668-BE54-9A1E7A4F7556}") = "'in' Parameters", "'in' Parameters\'in' Parameters.csproj", "{4D9BA5A4-24CE-49BB-A8B6-48F527C64F45}"
EndProject
Project("{9A19103F-16F7-4668-BE54-9A1E7A4F7556}") = "Span of T", "Span of T\Span of T.csproj", "{5FBDAA42-F07F-4D0B-BB4D-79E5D2B637D9}"
EndProject
Project("{2150E333-8FDC-42A3-9474-1A3956D46DE8}") = "IDisposable", "IDisposable", "{B40F6960-0E20-4397-A9A2-FC6119C62A20}"
EndProject
Project("{9A19103F-16F7-4668-BE54-9A1E7A4F7556}") = "IDisposable", "IDisposable\IDisposable.csproj", "{DFF897AC-8F1D-47CC-92F2-D5FB036C27A9}"
EndProject
Project("{2150E333-8FDC-42A3-9474-1A3956D46DE8}") = "Duck Typing Mixins", "Duck Typing Mixins", "{3AF852F2-E8CF-4FB0-9761-122BF279EA3B}"
EndProject
Project("{9A19103F-16F7-4668-BE54-9A1E7A4F7556}") = "DuckTypingMixins", "DuckTypingMixins\DuckTypingMixins.csproj", "{B355F342-9E46-4AA6-9920-6906026BAE4A}"
EndProject
Project("{2150E333-8FDC-42A3-9474-1A3956D46DE8}") = "Continuation Passing Style", "Continuation Passing Style", "{769E10BC-C46D-4952-B58C-634F087425DC}"
EndProject
Project("{9A19103F-16F7-4668-BE54-9A1E7A4F7556}") = "Continuation Passing Style", "Continuation Passing Style\Continuation Passing Style.csproj", "{BFA42EF0-98AC-4E8F-8C65-98E211807444}"
EndProject
Project("{2150E333-8FDC-42A3-9474-1A3956D46DE8}") = "Local Inversion of Control", "Local Inversion of Control", "{EB17F2C8-B1F2-4DD6-8D61-DED212250638}"
EndProject
Project("{9A19103F-16F7-4668-BE54-9A1E7A4F7556}") = "Local Inversion of Control", "Local Inversion of Control\Local Inversion of Control.csproj", "{849E7D0B-9209-42E5-9990-28F9931EA69D}"
EndProject
Project("{2150E333-8FDC-42A3-9474-1A3956D46DE8}") = "Parallel Programming", "Parallel Programming", "{96421112-31ED-410B-88C9-E2862B70968A}"
EndProject
Project("{2150E333-8FDC-42A3-9474-1A3956D46DE8}") = "Task Programming", "Task Programming", "{0F11C0B0-1B4E-4665-9856-7EFE2E9077F2}"
EndProject
Project("{9A19103F-16F7-4668-BE54-9A1E7A4F7556}") = "CreatingAndStartingTasks", "CreatingAndStartingTasks\CreatingAndStartingTasks.csproj", "{6FCD7CA4-67D4-4563-83C6-FB33D49B7F73}"
EndProject
Project("{9A19103F-16F7-4668-BE54-9A1E7A4F7556}") = "CancellingTasks", "CancellingTasks\CancellingTasks.csproj", "{A935CB84-1C78-4C91-A046-CB238E17117F}"
EndProject
Project("{9A19103F-16F7-4668-BE54-9A1E7A4F7556}") = "CompositeCancellationTokens", "CompositeCancellationTokens\CompositeCancellationTokens.csproj", "{0443E8B4-BE3A-4C2E-A5F6-9B9FC10A3D5A}"
EndProject
Project("{9A19103F-16F7-4668-BE54-9A1E7A4F7556}") = "WaitingForTimeToPass", "WaitingForTimeToPass\WaitingForTimeToPass.csproj", "{9CB281D5-4A44-4901-9E04-8A2B4EDCB128}"
EndProject
Project("{9A19103F-16F7-4668-BE54-9A1E7A4F7556}") = "WaitingForTasks", "WaitingForTasks\WaitingForTasks.csproj", "{14D8F372-E76E-4332-903D-FDBD73080A84}"
EndProject
Project("{9A19103F-16F7-4668-BE54-9A1E7A4F7556}") = "ExceptionHandling", "ExceptionHandling\ExceptionHandling.csproj", "{A2011E94-B3C0-4162-BD69-93651D1A35AB}"
EndProject
Project("{2150E333-8FDC-42A3-9474-1A3956D46DE8}") = "asynchronous programming - Async Await", "asynchronous programming - Async Await", "{6F1D2AF8-D4B7-45E1-AF10-6690306F7D61}"
EndProject
Project("{9A19103F-16F7-4668-BE54-9A1E7A4F7556}") = "HelloAsyncAwait", "HelloAsyncAwait\HelloAsyncAwait.csproj", "{FAE2C56C-2A55-41BC-8356-CEA7DF8F3E69}"
EndProject
Project("{9A19103F-16F7-4668-BE54-9A1E7A4F7556}") = "Using Async and Await", "Using Async and Await\Using Async and Await.csproj", "{E05316B6-A301-4F21-92BF-561F7CACCFC2}"
EndProject
Project("{9A19103F-16F7-4668-BE54-9A1E7A4F7556}") = "Async Factory Method", "Async Factory Method\Async Factory Method.csproj", "{83D47DBF-822B-43F5-AB1A-E6A57423C123}"
EndProject
Project("{9A19103F-16F7-4668-BE54-9A1E7A4F7556}") = "Async Initialization Pattern", "Async Initialization Pattern\Async Initialization Pattern.csproj", "{23892951-1E71-40D2-92D6-EFF4230E307A}"
EndProject
Project("{9A19103F-16F7-4668-BE54-9A1E7A4F7556}") = "ValueTask", "ValueTask\ValueTask.csproj", "{B3707F00-C9E8-43A8-B2C3-F57F2BCE0A2A}"
EndProject
Project("{2150E333-8FDC-42A3-9474-1A3956D46DE8}") = "Sorting Algorithms", "Sorting Algorithms", "{61198E36-AAFF-4486-9463-A3D37F9AC4F1}"
EndProject
Project("{9A19103F-16F7-4668-BE54-9A1E7A4F7556}") = "Sorting", "Merge Sort\Sorting.csproj", "{A53382AC-9028-44FA-97EE-300F268C160D}"
EndProject
Project("{2150E333-8FDC-42A3-9474-1A3956D46DE8}") = "NuGet", "NuGet", "{29E424FA-4874-4E72-BF5D-65B55F0E56AF}"
EndProject
Project("{9A19103F-16F7-4668-BE54-9A1E7A4F7556}") = "TestMyPackage", "TestMyPackage\TestMyPackage.csproj", "{83BD9B16-2C16-4498-A189-332F8E6390D3}"
EndProject
Project("{2150E333-8FDC-42A3-9474-1A3956D46DE8}") = "Design Patterns", "Design Patterns", "{7D16DCC2-BD53-4DE5-9C42-FB84ECCF02E8}"
EndProject
Project("{9A19103F-16F7-4668-BE54-9A1E7A4F7556}") = "Factory Pattern", "Factory Pattern\Factory Pattern.csproj", "{9EC42D12-7F8B-4292-8C06-4708B50E99D6}"
EndProject
Project("{2150E333-8FDC-42A3-9474-1A3956D46DE8}") = "Factory", "Factory", "{B995092F-858A-4C95-8108-050C8DA56198}"
EndProject
Project("{9A19103F-16F7-4668-BE54-9A1E7A4F7556}") = "Object Tracking and Bulk Replacement", "Object Tracking and Bulk Replacement\Object Tracking and Bulk Replacement.csproj", "{5D882B48-4233-4555-A1E2-5F4916A7FB92}"
EndProject
Project("{2150E333-8FDC-42A3-9474-1A3956D46DE8}") = "Hackerrank", "Hackerrank", "{C7636040-523D-4889-B629-40A44E36EA35}"
EndProject
Project("{9A19103F-16F7-4668-BE54-9A1E7A4F7556}") = "HackerrankTest", "HackerrankTest\HackerrankTest.csproj", "{6104C9E9-839A-46E3-A214-A8AECDFAFEBA}"
EndProject
Project("{2150E333-8FDC-42A3-9474-1A3956D46DE8}") = "Mediator", "Mediator", "{9067B836-ABB5-4DC8-A236-C244FDE6314E}"
EndProject
Project("{9A19103F-16F7-4668-BE54-9A1E7A4F7556}") = "ChatRoom", "ChatRoom\ChatRoom.csproj", "{9625373C-E57A-4193-AD3A-727CDF2F815A}"
EndProject
Project("{2150E333-8FDC-42A3-9474-1A3956D46DE8}") = "Linq", "Linq", "{EAFCF35A-F8E0-4DE0-A457-76C1FA53B829}"
EndProject
Project("{2150E333-8FDC-42A3-9474-1A3956D46DE8}") = "Data sharing and Synchronyzation", "Data sharing and Synchronyzation", "{159D085B-5A14-471C-8EFF-8F12DC11AA5F}"
EndProject
Project("{9A19103F-16F7-4668-BE54-9A1E7A4F7556}") = "Critical Selections", "Critical Selections\Critical Selections.csproj", "{5862439B-4803-4CB0-8D86-02146CD856C1}"
EndProject
Project("{2150E333-8FDC-42A3-9474-1A3956D46DE8}") = "Entity Framework", "Entity Framework", "{B5F31134-0977-4B05-B667-9DF5DB42A2CD}"
EndProject
Project("{9A19103F-16F7-4668-BE54-9A1E7A4F7556}") = "ContosoPizza", "ContosoPizza\ContosoPizza.csproj", "{3FC705EA-36A8-461D-B067-5A7679DAB7D0}"
EndProject
Project("{9A19103F-16F7-4668-BE54-9A1E7A4F7556}") = "Generation Operations", "Generation Operations\Generation Operations.csproj", "{19B24EBE-61AD-4F32-A089-CB95D768E4F2}"
EndProject
Project("{9A19103F-16F7-4668-BE54-9A1E7A4F7556}") = "Conversion Operations", "Conversion Operations\Conversion Operations.csproj", "{4FA218DD-9517-4361-81C4-7259ADF93482}"
EndProject
Project("{9A19103F-16F7-4668-BE54-9A1E7A4F7556}") = "Projection Operators - Select and SelectMany", "Projection Operators - Select and SelectMany\Projection Operators - Select and SelectMany.csproj", "{C2479E72-47F2-4777-8B12-F00D754542FF}"
EndProject
Project("{9A19103F-16F7-4668-BE54-9A1E7A4F7556}") = "Filtering Data", "Filtering Data\Filtering Data.csproj", "{EBD46184-81B7-4939-9D0F-E2C371B20EF4}"
EndProject
Project("{2150E333-8FDC-42A3-9474-1A3956D46DE8}") = "Types", "Types", "{E196CC19-3AFC-4391-A910-1AD87A0B253D}"
EndProject
Project("{9A19103F-16F7-4668-BE54-9A1E7A4F7556}") = "ObjectType", "ObjectType\ObjectType.csproj", "{CA4FBCA2-D431-4B91-964F-15F70D480D59}"
EndProject
Project("{2150E333-8FDC-42A3-9474-1A3956D46DE8}") = "Dependency Injection", "Dependency Injection", "{EEB77572-C816-4CC0-AF83-A6F4E8486A4B}"
EndProject
Project("{9A19103F-16F7-4668-BE54-9A1E7A4F7556}") = "DIConsoleApp", "DIConsoleApp\DIConsoleApp.csproj", "{6BDC1DF4-F577-407A-BFF7-0A44FD7B068A}"
EndProject
Project("{9A19103F-16F7-4668-BE54-9A1E7A4F7556}") = "Pointers", "Pointers\Pointers.csproj", "{8C3A31EB-7224-4653-B3DD-16C9F50017EB}"
EndProject
Project("{2150E333-8FDC-42A3-9474-1A3956D46DE8}") = "Pointers", "Pointers", "{618554F4-B8FD-4A66-9018-9D46FF58A9C1}"
EndProject
Project("{9A19103F-16F7-4668-BE54-9A1E7A4F7556}") = "AnotherDIConsoleApp", "AnotherDIConsoleApp\AnotherDIConsoleApp.csproj", "{B0ABE39A-9AFE-42EE-A2A0-4786189D592E}"
EndProject
Project("{9A19103F-16F7-4668-BE54-9A1E7A4F7556}") = "AsyncOnTheWeb.Server", "AsyncOnTheWeb\Server\AsyncOnTheWeb.Server.csproj", "{EA47AE6C-54C1-4262-A801-9F06095990E1}"
EndProject
Project("{9A19103F-16F7-4668-BE54-9A1E7A4F7556}") = "AsyncOnTheWeb.Client", "AsyncOnTheWeb\Client\AsyncOnTheWeb.Client.csproj", "{7DD4DBDF-2E56-4203-8B92-8E92F015BEF8}"
EndProject
Project("{9A19103F-16F7-4668-BE54-9A1E7A4F7556}") = "AsyncOnTheWeb.Shared", "AsyncOnTheWeb\Shared\AsyncOnTheWeb.Shared.csproj", "{241A0049-A81F-4FD2-8D80-A3A08815E4D3}"
EndProject
Project("{2150E333-8FDC-42A3-9474-1A3956D46DE8}") = "AsyncOnTheWeb", "AsyncOnTheWeb", "{022EC833-ACDA-4301-AB76-7D018F67FB40}"
EndProject
Project("{2150E333-8FDC-42A3-9474-1A3956D46DE8}") = "Builder", "Builder", "{21FA8166-A777-4EC0-8677-2BA80449A798}"
EndProject
Project("{9A19103F-16F7-4668-BE54-9A1E7A4F7556}") = "FluentBuilder", "FluentInterface\FluentBuilder.csproj", "{7CD44975-5233-473B-89A1-ADF70DFFF62E}"
EndProject
Project("{9A19103F-16F7-4668-BE54-9A1E7A4F7556}") = "BasicBuilder-HtmlBuilder", "BasicBuilder-HtmlBuilder\BasicBuilder-HtmlBuilder.csproj", "{05329F7C-F019-4954-A71B-EC3D642F0499}"
EndProject
Project("{2150E333-8FDC-42A3-9474-1A3956D46DE8}") = "Fluent interface", "Fluent interface", "{BC8C58CC-62D0-4564-8090-E35442DC7EA3}"
EndProject
Project("{9A19103F-16F7-4668-BE54-9A1E7A4F7556}") = "Fluent Interface", "Fluent Interface\Fluent Interface.csproj", "{E3E4706F-B174-468C-929F-27F8C574AA1A}"
EndProject
Project("{9A19103F-16F7-4668-BE54-9A1E7A4F7556}") = "SortingData", "SortingData\SortingData.csproj", "{229030FC-2E2F-4259-942B-D6FB31424AB5}"
EndProject
Project("{9A19103F-16F7-4668-BE54-9A1E7A4F7556}") = "Shared", "Shared\Shared.csproj", "{BDD2F5AF-C8F6-49E2-8F6F-88B1CFEEF12A}"
EndProject
Project("{9A19103F-16F7-4668-BE54-9A1E7A4F7556}") = "GrouingData", "GrouingData\GrouingData.csproj", "{591E7612-1BAF-446D-8834-5DF748B5AA76}"
EndProject
Project("{2150E333-8FDC-42A3-9474-1A3956D46DE8}") = "Experiments", "Experiments", "{AFA481C8-90AA-4047-8E29-F0788DCEE5A6}"
EndProject
Project("{9A19103F-16F7-4668-BE54-9A1E7A4F7556}") = "MemoryLeak", "MemoryLeak\MemoryLeak.csproj", "{DB844C8C-AD6A-40D2-BF91-C8AD6B81B6E0}"
EndProject
Project("{9A19103F-16F7-4668-BE54-9A1E7A4F7556}") = "SetOperations", "SetOperations\SetOperations.csproj", "{6B4857D0-C20A-4550-9C77-3E07CB640139}"
EndProject
Project("{9A19103F-16F7-4668-BE54-9A1E7A4F7556}") = "BasicHackerrank", "BasicHackerrank\BasicHackerrank.csproj", "{1271D29C-CB7E-4EB0-A1D9-8813D52B7297}"
EndProject
Project("{2150E333-8FDC-42A3-9474-1A3956D46DE8}") = "Project Euler", "Project Euler", "{D6E06217-5F6F-4F5D-940F-7327B1A1AA5F}"
EndProject
Project("{9A19103F-16F7-4668-BE54-9A1E7A4F7556}") = "ProjectEulerUI", "ProjectEulerUI\ProjectEulerUI.csproj", "{EBBD87E7-055F-4A21-B55B-10E25C6AABB3}"
EndProject
Project("{9A19103F-16F7-4668-BE54-9A1E7A4F7556}") = "ProjectEuler", "ProjectEuler\ProjectEuler.csproj", "{C6865C53-178D-4BD8-84B8-A4868B999804}"
EndProject
Project("{9A19103F-16F7-4668-BE54-9A1E7A4F7556}") = "Quantifier Operations", "Quantifier Operations\Quantifier Operations.csproj", "{3D385450-0167-4B63-933D-DD3A5EC64A36}"
EndProject
Project("{FAE04EC0-301F-11D3-BF4B-00C04F79EFBC}") = "Partitioning Data", "Partitioning Data\Partitioning Data.csproj", "{B6DD358B-52E3-4484-8F76-EC2C4D36DA4A}"
EndProject
Project("{FAE04EC0-301F-11D3-BF4B-00C04F79EFBC}") = "Join Operations", "Join Operations\Join Operations.csproj", "{7DB952A6-5CE4-42FB-A5AC-AE8F189BFB3B}"
EndProject
Project("{FAE04EC0-301F-11D3-BF4B-00C04F79EFBC}") = "Equality Operations", "Equality Operations\Equality Operations.csproj", "{5B870E6E-4653-46FC-B0E0-B544619B0D01}"
EndProject
Project("{FAE04EC0-301F-11D3-BF4B-00C04F79EFBC}") = "Element Operations", "Element Operations\Element Operations.csproj", "{D5BF92B1-70CD-4D11-BA85-744CDEB83105}"
EndProject
Project("{FAE04EC0-301F-11D3-BF4B-00C04F79EFBC}") = "Concatenation Operations", "Concatenation Operations\Concatenation Operations.csproj", "{87A36476-93EE-4A3E-9971-EF87B355063E}"
EndProject
Global
	GlobalSection(SolutionConfigurationPlatforms) = preSolution
		Debug|Any CPU = Debug|Any CPU
		Debug|x64 = Debug|x64
		Debug|x86 = Debug|x86
		Release|Any CPU = Release|Any CPU
		Release|x64 = Release|x64
		Release|x86 = Release|x86
	EndGlobalSection
	GlobalSection(ProjectConfigurationPlatforms) = postSolution
		{548C4A45-4389-4A59-800C-FB28A4ABC8BF}.Debug|Any CPU.ActiveCfg = Debug|Any CPU
		{548C4A45-4389-4A59-800C-FB28A4ABC8BF}.Debug|Any CPU.Build.0 = Debug|Any CPU
		{548C4A45-4389-4A59-800C-FB28A4ABC8BF}.Debug|x64.ActiveCfg = Debug|Any CPU
		{548C4A45-4389-4A59-800C-FB28A4ABC8BF}.Debug|x64.Build.0 = Debug|Any CPU
		{548C4A45-4389-4A59-800C-FB28A4ABC8BF}.Debug|x86.ActiveCfg = Debug|Any CPU
		{548C4A45-4389-4A59-800C-FB28A4ABC8BF}.Debug|x86.Build.0 = Debug|Any CPU
		{548C4A45-4389-4A59-800C-FB28A4ABC8BF}.Release|Any CPU.ActiveCfg = Release|Any CPU
		{548C4A45-4389-4A59-800C-FB28A4ABC8BF}.Release|Any CPU.Build.0 = Release|Any CPU
		{548C4A45-4389-4A59-800C-FB28A4ABC8BF}.Release|x64.ActiveCfg = Release|Any CPU
		{548C4A45-4389-4A59-800C-FB28A4ABC8BF}.Release|x64.Build.0 = Release|Any CPU
		{548C4A45-4389-4A59-800C-FB28A4ABC8BF}.Release|x86.ActiveCfg = Release|Any CPU
		{548C4A45-4389-4A59-800C-FB28A4ABC8BF}.Release|x86.Build.0 = Release|Any CPU
		{15C0AE3A-6E86-402A-872D-88644C3F059D}.Debug|Any CPU.ActiveCfg = Debug|Any CPU
		{15C0AE3A-6E86-402A-872D-88644C3F059D}.Debug|Any CPU.Build.0 = Debug|Any CPU
		{15C0AE3A-6E86-402A-872D-88644C3F059D}.Debug|x64.ActiveCfg = Debug|Any CPU
		{15C0AE3A-6E86-402A-872D-88644C3F059D}.Debug|x64.Build.0 = Debug|Any CPU
		{15C0AE3A-6E86-402A-872D-88644C3F059D}.Debug|x86.ActiveCfg = Debug|Any CPU
		{15C0AE3A-6E86-402A-872D-88644C3F059D}.Debug|x86.Build.0 = Debug|Any CPU
		{15C0AE3A-6E86-402A-872D-88644C3F059D}.Release|Any CPU.ActiveCfg = Release|Any CPU
		{15C0AE3A-6E86-402A-872D-88644C3F059D}.Release|Any CPU.Build.0 = Release|Any CPU
		{15C0AE3A-6E86-402A-872D-88644C3F059D}.Release|x64.ActiveCfg = Release|Any CPU
		{15C0AE3A-6E86-402A-872D-88644C3F059D}.Release|x64.Build.0 = Release|Any CPU
		{15C0AE3A-6E86-402A-872D-88644C3F059D}.Release|x86.ActiveCfg = Release|Any CPU
		{15C0AE3A-6E86-402A-872D-88644C3F059D}.Release|x86.Build.0 = Release|Any CPU
		{FB2867BA-7988-43DB-B6CB-4A6B3F6B05B4}.Debug|Any CPU.ActiveCfg = Debug|Any CPU
		{FB2867BA-7988-43DB-B6CB-4A6B3F6B05B4}.Debug|Any CPU.Build.0 = Debug|Any CPU
		{FB2867BA-7988-43DB-B6CB-4A6B3F6B05B4}.Debug|x64.ActiveCfg = Debug|Any CPU
		{FB2867BA-7988-43DB-B6CB-4A6B3F6B05B4}.Debug|x64.Build.0 = Debug|Any CPU
		{FB2867BA-7988-43DB-B6CB-4A6B3F6B05B4}.Debug|x86.ActiveCfg = Debug|Any CPU
		{FB2867BA-7988-43DB-B6CB-4A6B3F6B05B4}.Debug|x86.Build.0 = Debug|Any CPU
		{FB2867BA-7988-43DB-B6CB-4A6B3F6B05B4}.Release|Any CPU.ActiveCfg = Release|Any CPU
		{FB2867BA-7988-43DB-B6CB-4A6B3F6B05B4}.Release|Any CPU.Build.0 = Release|Any CPU
		{FB2867BA-7988-43DB-B6CB-4A6B3F6B05B4}.Release|x64.ActiveCfg = Release|Any CPU
		{FB2867BA-7988-43DB-B6CB-4A6B3F6B05B4}.Release|x64.Build.0 = Release|Any CPU
		{FB2867BA-7988-43DB-B6CB-4A6B3F6B05B4}.Release|x86.ActiveCfg = Release|Any CPU
		{FB2867BA-7988-43DB-B6CB-4A6B3F6B05B4}.Release|x86.Build.0 = Release|Any CPU
		{8471A11A-89F2-47AA-BC2D-CA70BDE47B5A}.Debug|Any CPU.ActiveCfg = Debug|Any CPU
		{8471A11A-89F2-47AA-BC2D-CA70BDE47B5A}.Debug|Any CPU.Build.0 = Debug|Any CPU
		{8471A11A-89F2-47AA-BC2D-CA70BDE47B5A}.Debug|x64.ActiveCfg = Debug|Any CPU
		{8471A11A-89F2-47AA-BC2D-CA70BDE47B5A}.Debug|x64.Build.0 = Debug|Any CPU
		{8471A11A-89F2-47AA-BC2D-CA70BDE47B5A}.Debug|x86.ActiveCfg = Debug|Any CPU
		{8471A11A-89F2-47AA-BC2D-CA70BDE47B5A}.Debug|x86.Build.0 = Debug|Any CPU
		{8471A11A-89F2-47AA-BC2D-CA70BDE47B5A}.Release|Any CPU.ActiveCfg = Release|Any CPU
		{8471A11A-89F2-47AA-BC2D-CA70BDE47B5A}.Release|Any CPU.Build.0 = Release|Any CPU
		{8471A11A-89F2-47AA-BC2D-CA70BDE47B5A}.Release|x64.ActiveCfg = Release|Any CPU
		{8471A11A-89F2-47AA-BC2D-CA70BDE47B5A}.Release|x64.Build.0 = Release|Any CPU
		{8471A11A-89F2-47AA-BC2D-CA70BDE47B5A}.Release|x86.ActiveCfg = Release|Any CPU
		{8471A11A-89F2-47AA-BC2D-CA70BDE47B5A}.Release|x86.Build.0 = Release|Any CPU
		{F8CE0035-92E9-471E-807E-D468EE2F0510}.Debug|Any CPU.ActiveCfg = Debug|Any CPU
		{F8CE0035-92E9-471E-807E-D468EE2F0510}.Debug|Any CPU.Build.0 = Debug|Any CPU
		{F8CE0035-92E9-471E-807E-D468EE2F0510}.Debug|x64.ActiveCfg = Debug|Any CPU
		{F8CE0035-92E9-471E-807E-D468EE2F0510}.Debug|x64.Build.0 = Debug|Any CPU
		{F8CE0035-92E9-471E-807E-D468EE2F0510}.Debug|x86.ActiveCfg = Debug|Any CPU
		{F8CE0035-92E9-471E-807E-D468EE2F0510}.Debug|x86.Build.0 = Debug|Any CPU
		{F8CE0035-92E9-471E-807E-D468EE2F0510}.Release|Any CPU.ActiveCfg = Release|Any CPU
		{F8CE0035-92E9-471E-807E-D468EE2F0510}.Release|Any CPU.Build.0 = Release|Any CPU
		{F8CE0035-92E9-471E-807E-D468EE2F0510}.Release|x64.ActiveCfg = Release|Any CPU
		{F8CE0035-92E9-471E-807E-D468EE2F0510}.Release|x64.Build.0 = Release|Any CPU
		{F8CE0035-92E9-471E-807E-D468EE2F0510}.Release|x86.ActiveCfg = Release|Any CPU
		{F8CE0035-92E9-471E-807E-D468EE2F0510}.Release|x86.Build.0 = Release|Any CPU
		{B86F60EC-DF97-4FF4-8C0C-D8D7C150F0F3}.Debug|Any CPU.ActiveCfg = Debug|Any CPU
		{B86F60EC-DF97-4FF4-8C0C-D8D7C150F0F3}.Debug|Any CPU.Build.0 = Debug|Any CPU
		{B86F60EC-DF97-4FF4-8C0C-D8D7C150F0F3}.Debug|x64.ActiveCfg = Debug|Any CPU
		{B86F60EC-DF97-4FF4-8C0C-D8D7C150F0F3}.Debug|x64.Build.0 = Debug|Any CPU
		{B86F60EC-DF97-4FF4-8C0C-D8D7C150F0F3}.Debug|x86.ActiveCfg = Debug|Any CPU
		{B86F60EC-DF97-4FF4-8C0C-D8D7C150F0F3}.Debug|x86.Build.0 = Debug|Any CPU
		{B86F60EC-DF97-4FF4-8C0C-D8D7C150F0F3}.Release|Any CPU.ActiveCfg = Release|Any CPU
		{B86F60EC-DF97-4FF4-8C0C-D8D7C150F0F3}.Release|Any CPU.Build.0 = Release|Any CPU
		{B86F60EC-DF97-4FF4-8C0C-D8D7C150F0F3}.Release|x64.ActiveCfg = Release|Any CPU
		{B86F60EC-DF97-4FF4-8C0C-D8D7C150F0F3}.Release|x64.Build.0 = Release|Any CPU
		{B86F60EC-DF97-4FF4-8C0C-D8D7C150F0F3}.Release|x86.ActiveCfg = Release|Any CPU
		{B86F60EC-DF97-4FF4-8C0C-D8D7C150F0F3}.Release|x86.Build.0 = Release|Any CPU
		{213DCF8A-8D69-449C-B70A-CD4C95580D40}.Debug|Any CPU.ActiveCfg = Debug|Any CPU
		{213DCF8A-8D69-449C-B70A-CD4C95580D40}.Debug|Any CPU.Build.0 = Debug|Any CPU
		{213DCF8A-8D69-449C-B70A-CD4C95580D40}.Debug|x64.ActiveCfg = Debug|Any CPU
		{213DCF8A-8D69-449C-B70A-CD4C95580D40}.Debug|x64.Build.0 = Debug|Any CPU
		{213DCF8A-8D69-449C-B70A-CD4C95580D40}.Debug|x86.ActiveCfg = Debug|Any CPU
		{213DCF8A-8D69-449C-B70A-CD4C95580D40}.Debug|x86.Build.0 = Debug|Any CPU
		{213DCF8A-8D69-449C-B70A-CD4C95580D40}.Release|Any CPU.ActiveCfg = Release|Any CPU
		{213DCF8A-8D69-449C-B70A-CD4C95580D40}.Release|Any CPU.Build.0 = Release|Any CPU
		{213DCF8A-8D69-449C-B70A-CD4C95580D40}.Release|x64.ActiveCfg = Release|Any CPU
		{213DCF8A-8D69-449C-B70A-CD4C95580D40}.Release|x64.Build.0 = Release|Any CPU
		{213DCF8A-8D69-449C-B70A-CD4C95580D40}.Release|x86.ActiveCfg = Release|Any CPU
		{213DCF8A-8D69-449C-B70A-CD4C95580D40}.Release|x86.Build.0 = Release|Any CPU
		{744E4122-1AA3-4215-A42F-70BD44EB4BBA}.Debug|Any CPU.ActiveCfg = Debug|Any CPU
		{744E4122-1AA3-4215-A42F-70BD44EB4BBA}.Debug|Any CPU.Build.0 = Debug|Any CPU
		{744E4122-1AA3-4215-A42F-70BD44EB4BBA}.Debug|x64.ActiveCfg = Debug|Any CPU
		{744E4122-1AA3-4215-A42F-70BD44EB4BBA}.Debug|x64.Build.0 = Debug|Any CPU
		{744E4122-1AA3-4215-A42F-70BD44EB4BBA}.Debug|x86.ActiveCfg = Debug|Any CPU
		{744E4122-1AA3-4215-A42F-70BD44EB4BBA}.Debug|x86.Build.0 = Debug|Any CPU
		{744E4122-1AA3-4215-A42F-70BD44EB4BBA}.Release|Any CPU.ActiveCfg = Release|Any CPU
		{744E4122-1AA3-4215-A42F-70BD44EB4BBA}.Release|Any CPU.Build.0 = Release|Any CPU
		{744E4122-1AA3-4215-A42F-70BD44EB4BBA}.Release|x64.ActiveCfg = Release|Any CPU
		{744E4122-1AA3-4215-A42F-70BD44EB4BBA}.Release|x64.Build.0 = Release|Any CPU
		{744E4122-1AA3-4215-A42F-70BD44EB4BBA}.Release|x86.ActiveCfg = Release|Any CPU
		{744E4122-1AA3-4215-A42F-70BD44EB4BBA}.Release|x86.Build.0 = Release|Any CPU
		{5772D5ED-A1AA-4084-861E-05263DF967C7}.Debug|Any CPU.ActiveCfg = Debug|Any CPU
		{5772D5ED-A1AA-4084-861E-05263DF967C7}.Debug|Any CPU.Build.0 = Debug|Any CPU
		{5772D5ED-A1AA-4084-861E-05263DF967C7}.Debug|x64.ActiveCfg = Debug|Any CPU
		{5772D5ED-A1AA-4084-861E-05263DF967C7}.Debug|x64.Build.0 = Debug|Any CPU
		{5772D5ED-A1AA-4084-861E-05263DF967C7}.Debug|x86.ActiveCfg = Debug|Any CPU
		{5772D5ED-A1AA-4084-861E-05263DF967C7}.Debug|x86.Build.0 = Debug|Any CPU
		{5772D5ED-A1AA-4084-861E-05263DF967C7}.Release|Any CPU.ActiveCfg = Release|Any CPU
		{5772D5ED-A1AA-4084-861E-05263DF967C7}.Release|Any CPU.Build.0 = Release|Any CPU
		{5772D5ED-A1AA-4084-861E-05263DF967C7}.Release|x64.ActiveCfg = Release|Any CPU
		{5772D5ED-A1AA-4084-861E-05263DF967C7}.Release|x64.Build.0 = Release|Any CPU
		{5772D5ED-A1AA-4084-861E-05263DF967C7}.Release|x86.ActiveCfg = Release|Any CPU
		{5772D5ED-A1AA-4084-861E-05263DF967C7}.Release|x86.Build.0 = Release|Any CPU
		{F0488CFE-1D85-4AA6-BD10-BFC54A826F21}.Debug|Any CPU.ActiveCfg = Debug|Any CPU
		{F0488CFE-1D85-4AA6-BD10-BFC54A826F21}.Debug|Any CPU.Build.0 = Debug|Any CPU
		{F0488CFE-1D85-4AA6-BD10-BFC54A826F21}.Debug|x64.ActiveCfg = Debug|Any CPU
		{F0488CFE-1D85-4AA6-BD10-BFC54A826F21}.Debug|x64.Build.0 = Debug|Any CPU
		{F0488CFE-1D85-4AA6-BD10-BFC54A826F21}.Debug|x86.ActiveCfg = Debug|Any CPU
		{F0488CFE-1D85-4AA6-BD10-BFC54A826F21}.Debug|x86.Build.0 = Debug|Any CPU
		{F0488CFE-1D85-4AA6-BD10-BFC54A826F21}.Release|Any CPU.ActiveCfg = Release|Any CPU
		{F0488CFE-1D85-4AA6-BD10-BFC54A826F21}.Release|Any CPU.Build.0 = Release|Any CPU
		{F0488CFE-1D85-4AA6-BD10-BFC54A826F21}.Release|x64.ActiveCfg = Release|Any CPU
		{F0488CFE-1D85-4AA6-BD10-BFC54A826F21}.Release|x64.Build.0 = Release|Any CPU
		{F0488CFE-1D85-4AA6-BD10-BFC54A826F21}.Release|x86.ActiveCfg = Release|Any CPU
		{F0488CFE-1D85-4AA6-BD10-BFC54A826F21}.Release|x86.Build.0 = Release|Any CPU
		{C5509F2C-7B6D-430F-989D-591D568FE54B}.Debug|Any CPU.ActiveCfg = Debug|Any CPU
		{C5509F2C-7B6D-430F-989D-591D568FE54B}.Debug|Any CPU.Build.0 = Debug|Any CPU
		{C5509F2C-7B6D-430F-989D-591D568FE54B}.Debug|x64.ActiveCfg = Debug|Any CPU
		{C5509F2C-7B6D-430F-989D-591D568FE54B}.Debug|x64.Build.0 = Debug|Any CPU
		{C5509F2C-7B6D-430F-989D-591D568FE54B}.Debug|x86.ActiveCfg = Debug|Any CPU
		{C5509F2C-7B6D-430F-989D-591D568FE54B}.Debug|x86.Build.0 = Debug|Any CPU
		{C5509F2C-7B6D-430F-989D-591D568FE54B}.Release|Any CPU.ActiveCfg = Release|Any CPU
		{C5509F2C-7B6D-430F-989D-591D568FE54B}.Release|Any CPU.Build.0 = Release|Any CPU
		{C5509F2C-7B6D-430F-989D-591D568FE54B}.Release|x64.ActiveCfg = Release|Any CPU
		{C5509F2C-7B6D-430F-989D-591D568FE54B}.Release|x64.Build.0 = Release|Any CPU
		{C5509F2C-7B6D-430F-989D-591D568FE54B}.Release|x86.ActiveCfg = Release|Any CPU
		{C5509F2C-7B6D-430F-989D-591D568FE54B}.Release|x86.Build.0 = Release|Any CPU
		{4D9BA5A4-24CE-49BB-A8B6-48F527C64F45}.Debug|Any CPU.ActiveCfg = Debug|Any CPU
		{4D9BA5A4-24CE-49BB-A8B6-48F527C64F45}.Debug|Any CPU.Build.0 = Debug|Any CPU
		{4D9BA5A4-24CE-49BB-A8B6-48F527C64F45}.Debug|x64.ActiveCfg = Debug|Any CPU
		{4D9BA5A4-24CE-49BB-A8B6-48F527C64F45}.Debug|x64.Build.0 = Debug|Any CPU
		{4D9BA5A4-24CE-49BB-A8B6-48F527C64F45}.Debug|x86.ActiveCfg = Debug|Any CPU
		{4D9BA5A4-24CE-49BB-A8B6-48F527C64F45}.Debug|x86.Build.0 = Debug|Any CPU
		{4D9BA5A4-24CE-49BB-A8B6-48F527C64F45}.Release|Any CPU.ActiveCfg = Release|Any CPU
		{4D9BA5A4-24CE-49BB-A8B6-48F527C64F45}.Release|Any CPU.Build.0 = Release|Any CPU
		{4D9BA5A4-24CE-49BB-A8B6-48F527C64F45}.Release|x64.ActiveCfg = Release|Any CPU
		{4D9BA5A4-24CE-49BB-A8B6-48F527C64F45}.Release|x64.Build.0 = Release|Any CPU
		{4D9BA5A4-24CE-49BB-A8B6-48F527C64F45}.Release|x86.ActiveCfg = Release|Any CPU
		{4D9BA5A4-24CE-49BB-A8B6-48F527C64F45}.Release|x86.Build.0 = Release|Any CPU
		{5FBDAA42-F07F-4D0B-BB4D-79E5D2B637D9}.Debug|Any CPU.ActiveCfg = Debug|Any CPU
		{5FBDAA42-F07F-4D0B-BB4D-79E5D2B637D9}.Debug|Any CPU.Build.0 = Debug|Any CPU
		{5FBDAA42-F07F-4D0B-BB4D-79E5D2B637D9}.Debug|x64.ActiveCfg = Debug|Any CPU
		{5FBDAA42-F07F-4D0B-BB4D-79E5D2B637D9}.Debug|x64.Build.0 = Debug|Any CPU
		{5FBDAA42-F07F-4D0B-BB4D-79E5D2B637D9}.Debug|x86.ActiveCfg = Debug|Any CPU
		{5FBDAA42-F07F-4D0B-BB4D-79E5D2B637D9}.Debug|x86.Build.0 = Debug|Any CPU
		{5FBDAA42-F07F-4D0B-BB4D-79E5D2B637D9}.Release|Any CPU.ActiveCfg = Release|Any CPU
		{5FBDAA42-F07F-4D0B-BB4D-79E5D2B637D9}.Release|Any CPU.Build.0 = Release|Any CPU
		{5FBDAA42-F07F-4D0B-BB4D-79E5D2B637D9}.Release|x64.ActiveCfg = Release|Any CPU
		{5FBDAA42-F07F-4D0B-BB4D-79E5D2B637D9}.Release|x64.Build.0 = Release|Any CPU
		{5FBDAA42-F07F-4D0B-BB4D-79E5D2B637D9}.Release|x86.ActiveCfg = Release|Any CPU
		{5FBDAA42-F07F-4D0B-BB4D-79E5D2B637D9}.Release|x86.Build.0 = Release|Any CPU
		{DFF897AC-8F1D-47CC-92F2-D5FB036C27A9}.Debug|Any CPU.ActiveCfg = Debug|Any CPU
		{DFF897AC-8F1D-47CC-92F2-D5FB036C27A9}.Debug|Any CPU.Build.0 = Debug|Any CPU
		{DFF897AC-8F1D-47CC-92F2-D5FB036C27A9}.Debug|x64.ActiveCfg = Debug|Any CPU
		{DFF897AC-8F1D-47CC-92F2-D5FB036C27A9}.Debug|x64.Build.0 = Debug|Any CPU
		{DFF897AC-8F1D-47CC-92F2-D5FB036C27A9}.Debug|x86.ActiveCfg = Debug|Any CPU
		{DFF897AC-8F1D-47CC-92F2-D5FB036C27A9}.Debug|x86.Build.0 = Debug|Any CPU
		{DFF897AC-8F1D-47CC-92F2-D5FB036C27A9}.Release|Any CPU.ActiveCfg = Release|Any CPU
		{DFF897AC-8F1D-47CC-92F2-D5FB036C27A9}.Release|Any CPU.Build.0 = Release|Any CPU
		{DFF897AC-8F1D-47CC-92F2-D5FB036C27A9}.Release|x64.ActiveCfg = Release|Any CPU
		{DFF897AC-8F1D-47CC-92F2-D5FB036C27A9}.Release|x64.Build.0 = Release|Any CPU
		{DFF897AC-8F1D-47CC-92F2-D5FB036C27A9}.Release|x86.ActiveCfg = Release|Any CPU
		{DFF897AC-8F1D-47CC-92F2-D5FB036C27A9}.Release|x86.Build.0 = Release|Any CPU
		{B355F342-9E46-4AA6-9920-6906026BAE4A}.Debug|Any CPU.ActiveCfg = Debug|Any CPU
		{B355F342-9E46-4AA6-9920-6906026BAE4A}.Debug|Any CPU.Build.0 = Debug|Any CPU
		{B355F342-9E46-4AA6-9920-6906026BAE4A}.Debug|x64.ActiveCfg = Debug|Any CPU
		{B355F342-9E46-4AA6-9920-6906026BAE4A}.Debug|x64.Build.0 = Debug|Any CPU
		{B355F342-9E46-4AA6-9920-6906026BAE4A}.Debug|x86.ActiveCfg = Debug|Any CPU
		{B355F342-9E46-4AA6-9920-6906026BAE4A}.Debug|x86.Build.0 = Debug|Any CPU
		{B355F342-9E46-4AA6-9920-6906026BAE4A}.Release|Any CPU.ActiveCfg = Release|Any CPU
		{B355F342-9E46-4AA6-9920-6906026BAE4A}.Release|Any CPU.Build.0 = Release|Any CPU
		{B355F342-9E46-4AA6-9920-6906026BAE4A}.Release|x64.ActiveCfg = Release|Any CPU
		{B355F342-9E46-4AA6-9920-6906026BAE4A}.Release|x64.Build.0 = Release|Any CPU
		{B355F342-9E46-4AA6-9920-6906026BAE4A}.Release|x86.ActiveCfg = Release|Any CPU
		{B355F342-9E46-4AA6-9920-6906026BAE4A}.Release|x86.Build.0 = Release|Any CPU
		{BFA42EF0-98AC-4E8F-8C65-98E211807444}.Debug|Any CPU.ActiveCfg = Debug|Any CPU
		{BFA42EF0-98AC-4E8F-8C65-98E211807444}.Debug|Any CPU.Build.0 = Debug|Any CPU
		{BFA42EF0-98AC-4E8F-8C65-98E211807444}.Debug|x64.ActiveCfg = Debug|Any CPU
		{BFA42EF0-98AC-4E8F-8C65-98E211807444}.Debug|x64.Build.0 = Debug|Any CPU
		{BFA42EF0-98AC-4E8F-8C65-98E211807444}.Debug|x86.ActiveCfg = Debug|Any CPU
		{BFA42EF0-98AC-4E8F-8C65-98E211807444}.Debug|x86.Build.0 = Debug|Any CPU
		{BFA42EF0-98AC-4E8F-8C65-98E211807444}.Release|Any CPU.ActiveCfg = Release|Any CPU
		{BFA42EF0-98AC-4E8F-8C65-98E211807444}.Release|Any CPU.Build.0 = Release|Any CPU
		{BFA42EF0-98AC-4E8F-8C65-98E211807444}.Release|x64.ActiveCfg = Release|Any CPU
		{BFA42EF0-98AC-4E8F-8C65-98E211807444}.Release|x64.Build.0 = Release|Any CPU
		{BFA42EF0-98AC-4E8F-8C65-98E211807444}.Release|x86.ActiveCfg = Release|Any CPU
		{BFA42EF0-98AC-4E8F-8C65-98E211807444}.Release|x86.Build.0 = Release|Any CPU
		{849E7D0B-9209-42E5-9990-28F9931EA69D}.Debug|Any CPU.ActiveCfg = Debug|Any CPU
		{849E7D0B-9209-42E5-9990-28F9931EA69D}.Debug|Any CPU.Build.0 = Debug|Any CPU
		{849E7D0B-9209-42E5-9990-28F9931EA69D}.Debug|x64.ActiveCfg = Debug|Any CPU
		{849E7D0B-9209-42E5-9990-28F9931EA69D}.Debug|x64.Build.0 = Debug|Any CPU
		{849E7D0B-9209-42E5-9990-28F9931EA69D}.Debug|x86.ActiveCfg = Debug|Any CPU
		{849E7D0B-9209-42E5-9990-28F9931EA69D}.Debug|x86.Build.0 = Debug|Any CPU
		{849E7D0B-9209-42E5-9990-28F9931EA69D}.Release|Any CPU.ActiveCfg = Release|Any CPU
		{849E7D0B-9209-42E5-9990-28F9931EA69D}.Release|Any CPU.Build.0 = Release|Any CPU
		{849E7D0B-9209-42E5-9990-28F9931EA69D}.Release|x64.ActiveCfg = Release|Any CPU
		{849E7D0B-9209-42E5-9990-28F9931EA69D}.Release|x64.Build.0 = Release|Any CPU
		{849E7D0B-9209-42E5-9990-28F9931EA69D}.Release|x86.ActiveCfg = Release|Any CPU
		{849E7D0B-9209-42E5-9990-28F9931EA69D}.Release|x86.Build.0 = Release|Any CPU
		{6FCD7CA4-67D4-4563-83C6-FB33D49B7F73}.Debug|Any CPU.ActiveCfg = Debug|Any CPU
		{6FCD7CA4-67D4-4563-83C6-FB33D49B7F73}.Debug|Any CPU.Build.0 = Debug|Any CPU
		{6FCD7CA4-67D4-4563-83C6-FB33D49B7F73}.Debug|x64.ActiveCfg = Debug|Any CPU
		{6FCD7CA4-67D4-4563-83C6-FB33D49B7F73}.Debug|x64.Build.0 = Debug|Any CPU
		{6FCD7CA4-67D4-4563-83C6-FB33D49B7F73}.Debug|x86.ActiveCfg = Debug|Any CPU
		{6FCD7CA4-67D4-4563-83C6-FB33D49B7F73}.Debug|x86.Build.0 = Debug|Any CPU
		{6FCD7CA4-67D4-4563-83C6-FB33D49B7F73}.Release|Any CPU.ActiveCfg = Release|Any CPU
		{6FCD7CA4-67D4-4563-83C6-FB33D49B7F73}.Release|Any CPU.Build.0 = Release|Any CPU
		{6FCD7CA4-67D4-4563-83C6-FB33D49B7F73}.Release|x64.ActiveCfg = Release|Any CPU
		{6FCD7CA4-67D4-4563-83C6-FB33D49B7F73}.Release|x64.Build.0 = Release|Any CPU
		{6FCD7CA4-67D4-4563-83C6-FB33D49B7F73}.Release|x86.ActiveCfg = Release|Any CPU
		{6FCD7CA4-67D4-4563-83C6-FB33D49B7F73}.Release|x86.Build.0 = Release|Any CPU
		{A935CB84-1C78-4C91-A046-CB238E17117F}.Debug|Any CPU.ActiveCfg = Debug|Any CPU
		{A935CB84-1C78-4C91-A046-CB238E17117F}.Debug|Any CPU.Build.0 = Debug|Any CPU
		{A935CB84-1C78-4C91-A046-CB238E17117F}.Debug|x64.ActiveCfg = Debug|Any CPU
		{A935CB84-1C78-4C91-A046-CB238E17117F}.Debug|x64.Build.0 = Debug|Any CPU
		{A935CB84-1C78-4C91-A046-CB238E17117F}.Debug|x86.ActiveCfg = Debug|Any CPU
		{A935CB84-1C78-4C91-A046-CB238E17117F}.Debug|x86.Build.0 = Debug|Any CPU
		{A935CB84-1C78-4C91-A046-CB238E17117F}.Release|Any CPU.ActiveCfg = Release|Any CPU
		{A935CB84-1C78-4C91-A046-CB238E17117F}.Release|Any CPU.Build.0 = Release|Any CPU
		{A935CB84-1C78-4C91-A046-CB238E17117F}.Release|x64.ActiveCfg = Release|Any CPU
		{A935CB84-1C78-4C91-A046-CB238E17117F}.Release|x64.Build.0 = Release|Any CPU
		{A935CB84-1C78-4C91-A046-CB238E17117F}.Release|x86.ActiveCfg = Release|Any CPU
		{A935CB84-1C78-4C91-A046-CB238E17117F}.Release|x86.Build.0 = Release|Any CPU
		{0443E8B4-BE3A-4C2E-A5F6-9B9FC10A3D5A}.Debug|Any CPU.ActiveCfg = Debug|Any CPU
		{0443E8B4-BE3A-4C2E-A5F6-9B9FC10A3D5A}.Debug|Any CPU.Build.0 = Debug|Any CPU
		{0443E8B4-BE3A-4C2E-A5F6-9B9FC10A3D5A}.Debug|x64.ActiveCfg = Debug|Any CPU
		{0443E8B4-BE3A-4C2E-A5F6-9B9FC10A3D5A}.Debug|x64.Build.0 = Debug|Any CPU
		{0443E8B4-BE3A-4C2E-A5F6-9B9FC10A3D5A}.Debug|x86.ActiveCfg = Debug|Any CPU
		{0443E8B4-BE3A-4C2E-A5F6-9B9FC10A3D5A}.Debug|x86.Build.0 = Debug|Any CPU
		{0443E8B4-BE3A-4C2E-A5F6-9B9FC10A3D5A}.Release|Any CPU.ActiveCfg = Release|Any CPU
		{0443E8B4-BE3A-4C2E-A5F6-9B9FC10A3D5A}.Release|Any CPU.Build.0 = Release|Any CPU
		{0443E8B4-BE3A-4C2E-A5F6-9B9FC10A3D5A}.Release|x64.ActiveCfg = Release|Any CPU
		{0443E8B4-BE3A-4C2E-A5F6-9B9FC10A3D5A}.Release|x64.Build.0 = Release|Any CPU
		{0443E8B4-BE3A-4C2E-A5F6-9B9FC10A3D5A}.Release|x86.ActiveCfg = Release|Any CPU
		{0443E8B4-BE3A-4C2E-A5F6-9B9FC10A3D5A}.Release|x86.Build.0 = Release|Any CPU
		{9CB281D5-4A44-4901-9E04-8A2B4EDCB128}.Debug|Any CPU.ActiveCfg = Debug|Any CPU
		{9CB281D5-4A44-4901-9E04-8A2B4EDCB128}.Debug|Any CPU.Build.0 = Debug|Any CPU
		{9CB281D5-4A44-4901-9E04-8A2B4EDCB128}.Debug|x64.ActiveCfg = Debug|Any CPU
		{9CB281D5-4A44-4901-9E04-8A2B4EDCB128}.Debug|x64.Build.0 = Debug|Any CPU
		{9CB281D5-4A44-4901-9E04-8A2B4EDCB128}.Debug|x86.ActiveCfg = Debug|Any CPU
		{9CB281D5-4A44-4901-9E04-8A2B4EDCB128}.Debug|x86.Build.0 = Debug|Any CPU
		{9CB281D5-4A44-4901-9E04-8A2B4EDCB128}.Release|Any CPU.ActiveCfg = Release|Any CPU
		{9CB281D5-4A44-4901-9E04-8A2B4EDCB128}.Release|Any CPU.Build.0 = Release|Any CPU
		{9CB281D5-4A44-4901-9E04-8A2B4EDCB128}.Release|x64.ActiveCfg = Release|Any CPU
		{9CB281D5-4A44-4901-9E04-8A2B4EDCB128}.Release|x64.Build.0 = Release|Any CPU
		{9CB281D5-4A44-4901-9E04-8A2B4EDCB128}.Release|x86.ActiveCfg = Release|Any CPU
		{9CB281D5-4A44-4901-9E04-8A2B4EDCB128}.Release|x86.Build.0 = Release|Any CPU
		{14D8F372-E76E-4332-903D-FDBD73080A84}.Debug|Any CPU.ActiveCfg = Debug|Any CPU
		{14D8F372-E76E-4332-903D-FDBD73080A84}.Debug|Any CPU.Build.0 = Debug|Any CPU
		{14D8F372-E76E-4332-903D-FDBD73080A84}.Debug|x64.ActiveCfg = Debug|Any CPU
		{14D8F372-E76E-4332-903D-FDBD73080A84}.Debug|x64.Build.0 = Debug|Any CPU
		{14D8F372-E76E-4332-903D-FDBD73080A84}.Debug|x86.ActiveCfg = Debug|Any CPU
		{14D8F372-E76E-4332-903D-FDBD73080A84}.Debug|x86.Build.0 = Debug|Any CPU
		{14D8F372-E76E-4332-903D-FDBD73080A84}.Release|Any CPU.ActiveCfg = Release|Any CPU
		{14D8F372-E76E-4332-903D-FDBD73080A84}.Release|Any CPU.Build.0 = Release|Any CPU
		{14D8F372-E76E-4332-903D-FDBD73080A84}.Release|x64.ActiveCfg = Release|Any CPU
		{14D8F372-E76E-4332-903D-FDBD73080A84}.Release|x64.Build.0 = Release|Any CPU
		{14D8F372-E76E-4332-903D-FDBD73080A84}.Release|x86.ActiveCfg = Release|Any CPU
		{14D8F372-E76E-4332-903D-FDBD73080A84}.Release|x86.Build.0 = Release|Any CPU
		{A2011E94-B3C0-4162-BD69-93651D1A35AB}.Debug|Any CPU.ActiveCfg = Debug|Any CPU
		{A2011E94-B3C0-4162-BD69-93651D1A35AB}.Debug|Any CPU.Build.0 = Debug|Any CPU
		{A2011E94-B3C0-4162-BD69-93651D1A35AB}.Debug|x64.ActiveCfg = Debug|Any CPU
		{A2011E94-B3C0-4162-BD69-93651D1A35AB}.Debug|x64.Build.0 = Debug|Any CPU
		{A2011E94-B3C0-4162-BD69-93651D1A35AB}.Debug|x86.ActiveCfg = Debug|Any CPU
		{A2011E94-B3C0-4162-BD69-93651D1A35AB}.Debug|x86.Build.0 = Debug|Any CPU
		{A2011E94-B3C0-4162-BD69-93651D1A35AB}.Release|Any CPU.ActiveCfg = Release|Any CPU
		{A2011E94-B3C0-4162-BD69-93651D1A35AB}.Release|Any CPU.Build.0 = Release|Any CPU
		{A2011E94-B3C0-4162-BD69-93651D1A35AB}.Release|x64.ActiveCfg = Release|Any CPU
		{A2011E94-B3C0-4162-BD69-93651D1A35AB}.Release|x64.Build.0 = Release|Any CPU
		{A2011E94-B3C0-4162-BD69-93651D1A35AB}.Release|x86.ActiveCfg = Release|Any CPU
		{A2011E94-B3C0-4162-BD69-93651D1A35AB}.Release|x86.Build.0 = Release|Any CPU
		{FAE2C56C-2A55-41BC-8356-CEA7DF8F3E69}.Debug|Any CPU.ActiveCfg = Debug|Any CPU
		{FAE2C56C-2A55-41BC-8356-CEA7DF8F3E69}.Debug|Any CPU.Build.0 = Debug|Any CPU
		{FAE2C56C-2A55-41BC-8356-CEA7DF8F3E69}.Debug|x64.ActiveCfg = Debug|Any CPU
		{FAE2C56C-2A55-41BC-8356-CEA7DF8F3E69}.Debug|x64.Build.0 = Debug|Any CPU
		{FAE2C56C-2A55-41BC-8356-CEA7DF8F3E69}.Debug|x86.ActiveCfg = Debug|Any CPU
		{FAE2C56C-2A55-41BC-8356-CEA7DF8F3E69}.Debug|x86.Build.0 = Debug|Any CPU
		{FAE2C56C-2A55-41BC-8356-CEA7DF8F3E69}.Release|Any CPU.ActiveCfg = Release|Any CPU
		{FAE2C56C-2A55-41BC-8356-CEA7DF8F3E69}.Release|Any CPU.Build.0 = Release|Any CPU
		{FAE2C56C-2A55-41BC-8356-CEA7DF8F3E69}.Release|x64.ActiveCfg = Release|Any CPU
		{FAE2C56C-2A55-41BC-8356-CEA7DF8F3E69}.Release|x64.Build.0 = Release|Any CPU
		{FAE2C56C-2A55-41BC-8356-CEA7DF8F3E69}.Release|x86.ActiveCfg = Release|Any CPU
		{FAE2C56C-2A55-41BC-8356-CEA7DF8F3E69}.Release|x86.Build.0 = Release|Any CPU
		{E05316B6-A301-4F21-92BF-561F7CACCFC2}.Debug|Any CPU.ActiveCfg = Debug|Any CPU
		{E05316B6-A301-4F21-92BF-561F7CACCFC2}.Debug|Any CPU.Build.0 = Debug|Any CPU
		{E05316B6-A301-4F21-92BF-561F7CACCFC2}.Debug|x64.ActiveCfg = Debug|Any CPU
		{E05316B6-A301-4F21-92BF-561F7CACCFC2}.Debug|x64.Build.0 = Debug|Any CPU
		{E05316B6-A301-4F21-92BF-561F7CACCFC2}.Debug|x86.ActiveCfg = Debug|Any CPU
		{E05316B6-A301-4F21-92BF-561F7CACCFC2}.Debug|x86.Build.0 = Debug|Any CPU
		{E05316B6-A301-4F21-92BF-561F7CACCFC2}.Release|Any CPU.ActiveCfg = Release|Any CPU
		{E05316B6-A301-4F21-92BF-561F7CACCFC2}.Release|Any CPU.Build.0 = Release|Any CPU
		{E05316B6-A301-4F21-92BF-561F7CACCFC2}.Release|x64.ActiveCfg = Release|Any CPU
		{E05316B6-A301-4F21-92BF-561F7CACCFC2}.Release|x64.Build.0 = Release|Any CPU
		{E05316B6-A301-4F21-92BF-561F7CACCFC2}.Release|x86.ActiveCfg = Release|Any CPU
		{E05316B6-A301-4F21-92BF-561F7CACCFC2}.Release|x86.Build.0 = Release|Any CPU
		{83D47DBF-822B-43F5-AB1A-E6A57423C123}.Debug|Any CPU.ActiveCfg = Debug|Any CPU
		{83D47DBF-822B-43F5-AB1A-E6A57423C123}.Debug|Any CPU.Build.0 = Debug|Any CPU
		{83D47DBF-822B-43F5-AB1A-E6A57423C123}.Debug|x64.ActiveCfg = Debug|Any CPU
		{83D47DBF-822B-43F5-AB1A-E6A57423C123}.Debug|x64.Build.0 = Debug|Any CPU
		{83D47DBF-822B-43F5-AB1A-E6A57423C123}.Debug|x86.ActiveCfg = Debug|Any CPU
		{83D47DBF-822B-43F5-AB1A-E6A57423C123}.Debug|x86.Build.0 = Debug|Any CPU
		{83D47DBF-822B-43F5-AB1A-E6A57423C123}.Release|Any CPU.ActiveCfg = Release|Any CPU
		{83D47DBF-822B-43F5-AB1A-E6A57423C123}.Release|Any CPU.Build.0 = Release|Any CPU
		{83D47DBF-822B-43F5-AB1A-E6A57423C123}.Release|x64.ActiveCfg = Release|Any CPU
		{83D47DBF-822B-43F5-AB1A-E6A57423C123}.Release|x64.Build.0 = Release|Any CPU
		{83D47DBF-822B-43F5-AB1A-E6A57423C123}.Release|x86.ActiveCfg = Release|Any CPU
		{83D47DBF-822B-43F5-AB1A-E6A57423C123}.Release|x86.Build.0 = Release|Any CPU
		{23892951-1E71-40D2-92D6-EFF4230E307A}.Debug|Any CPU.ActiveCfg = Debug|Any CPU
		{23892951-1E71-40D2-92D6-EFF4230E307A}.Debug|Any CPU.Build.0 = Debug|Any CPU
		{23892951-1E71-40D2-92D6-EFF4230E307A}.Debug|x64.ActiveCfg = Debug|Any CPU
		{23892951-1E71-40D2-92D6-EFF4230E307A}.Debug|x64.Build.0 = Debug|Any CPU
		{23892951-1E71-40D2-92D6-EFF4230E307A}.Debug|x86.ActiveCfg = Debug|Any CPU
		{23892951-1E71-40D2-92D6-EFF4230E307A}.Debug|x86.Build.0 = Debug|Any CPU
		{23892951-1E71-40D2-92D6-EFF4230E307A}.Release|Any CPU.ActiveCfg = Release|Any CPU
		{23892951-1E71-40D2-92D6-EFF4230E307A}.Release|Any CPU.Build.0 = Release|Any CPU
		{23892951-1E71-40D2-92D6-EFF4230E307A}.Release|x64.ActiveCfg = Release|Any CPU
		{23892951-1E71-40D2-92D6-EFF4230E307A}.Release|x64.Build.0 = Release|Any CPU
		{23892951-1E71-40D2-92D6-EFF4230E307A}.Release|x86.ActiveCfg = Release|Any CPU
		{23892951-1E71-40D2-92D6-EFF4230E307A}.Release|x86.Build.0 = Release|Any CPU
		{B3707F00-C9E8-43A8-B2C3-F57F2BCE0A2A}.Debug|Any CPU.ActiveCfg = Debug|Any CPU
		{B3707F00-C9E8-43A8-B2C3-F57F2BCE0A2A}.Debug|Any CPU.Build.0 = Debug|Any CPU
		{B3707F00-C9E8-43A8-B2C3-F57F2BCE0A2A}.Debug|x64.ActiveCfg = Debug|Any CPU
		{B3707F00-C9E8-43A8-B2C3-F57F2BCE0A2A}.Debug|x64.Build.0 = Debug|Any CPU
		{B3707F00-C9E8-43A8-B2C3-F57F2BCE0A2A}.Debug|x86.ActiveCfg = Debug|Any CPU
		{B3707F00-C9E8-43A8-B2C3-F57F2BCE0A2A}.Debug|x86.Build.0 = Debug|Any CPU
		{B3707F00-C9E8-43A8-B2C3-F57F2BCE0A2A}.Release|Any CPU.ActiveCfg = Release|Any CPU
		{B3707F00-C9E8-43A8-B2C3-F57F2BCE0A2A}.Release|Any CPU.Build.0 = Release|Any CPU
		{B3707F00-C9E8-43A8-B2C3-F57F2BCE0A2A}.Release|x64.ActiveCfg = Release|Any CPU
		{B3707F00-C9E8-43A8-B2C3-F57F2BCE0A2A}.Release|x64.Build.0 = Release|Any CPU
		{B3707F00-C9E8-43A8-B2C3-F57F2BCE0A2A}.Release|x86.ActiveCfg = Release|Any CPU
		{B3707F00-C9E8-43A8-B2C3-F57F2BCE0A2A}.Release|x86.Build.0 = Release|Any CPU
		{A53382AC-9028-44FA-97EE-300F268C160D}.Debug|Any CPU.ActiveCfg = Debug|Any CPU
		{A53382AC-9028-44FA-97EE-300F268C160D}.Debug|Any CPU.Build.0 = Debug|Any CPU
		{A53382AC-9028-44FA-97EE-300F268C160D}.Debug|x64.ActiveCfg = Debug|Any CPU
		{A53382AC-9028-44FA-97EE-300F268C160D}.Debug|x64.Build.0 = Debug|Any CPU
		{A53382AC-9028-44FA-97EE-300F268C160D}.Debug|x86.ActiveCfg = Debug|Any CPU
		{A53382AC-9028-44FA-97EE-300F268C160D}.Debug|x86.Build.0 = Debug|Any CPU
		{A53382AC-9028-44FA-97EE-300F268C160D}.Release|Any CPU.ActiveCfg = Release|Any CPU
		{A53382AC-9028-44FA-97EE-300F268C160D}.Release|Any CPU.Build.0 = Release|Any CPU
		{A53382AC-9028-44FA-97EE-300F268C160D}.Release|x64.ActiveCfg = Release|Any CPU
		{A53382AC-9028-44FA-97EE-300F268C160D}.Release|x64.Build.0 = Release|Any CPU
		{A53382AC-9028-44FA-97EE-300F268C160D}.Release|x86.ActiveCfg = Release|Any CPU
		{A53382AC-9028-44FA-97EE-300F268C160D}.Release|x86.Build.0 = Release|Any CPU
		{83BD9B16-2C16-4498-A189-332F8E6390D3}.Debug|Any CPU.ActiveCfg = Debug|Any CPU
		{83BD9B16-2C16-4498-A189-332F8E6390D3}.Debug|Any CPU.Build.0 = Debug|Any CPU
		{83BD9B16-2C16-4498-A189-332F8E6390D3}.Debug|x64.ActiveCfg = Debug|Any CPU
		{83BD9B16-2C16-4498-A189-332F8E6390D3}.Debug|x64.Build.0 = Debug|Any CPU
		{83BD9B16-2C16-4498-A189-332F8E6390D3}.Debug|x86.ActiveCfg = Debug|Any CPU
		{83BD9B16-2C16-4498-A189-332F8E6390D3}.Debug|x86.Build.0 = Debug|Any CPU
		{83BD9B16-2C16-4498-A189-332F8E6390D3}.Release|Any CPU.ActiveCfg = Release|Any CPU
		{83BD9B16-2C16-4498-A189-332F8E6390D3}.Release|Any CPU.Build.0 = Release|Any CPU
		{83BD9B16-2C16-4498-A189-332F8E6390D3}.Release|x64.ActiveCfg = Release|Any CPU
		{83BD9B16-2C16-4498-A189-332F8E6390D3}.Release|x64.Build.0 = Release|Any CPU
		{83BD9B16-2C16-4498-A189-332F8E6390D3}.Release|x86.ActiveCfg = Release|Any CPU
		{83BD9B16-2C16-4498-A189-332F8E6390D3}.Release|x86.Build.0 = Release|Any CPU
		{9EC42D12-7F8B-4292-8C06-4708B50E99D6}.Debug|Any CPU.ActiveCfg = Debug|Any CPU
		{9EC42D12-7F8B-4292-8C06-4708B50E99D6}.Debug|Any CPU.Build.0 = Debug|Any CPU
		{9EC42D12-7F8B-4292-8C06-4708B50E99D6}.Debug|x64.ActiveCfg = Debug|Any CPU
		{9EC42D12-7F8B-4292-8C06-4708B50E99D6}.Debug|x64.Build.0 = Debug|Any CPU
		{9EC42D12-7F8B-4292-8C06-4708B50E99D6}.Debug|x86.ActiveCfg = Debug|Any CPU
		{9EC42D12-7F8B-4292-8C06-4708B50E99D6}.Debug|x86.Build.0 = Debug|Any CPU
		{9EC42D12-7F8B-4292-8C06-4708B50E99D6}.Release|Any CPU.ActiveCfg = Release|Any CPU
		{9EC42D12-7F8B-4292-8C06-4708B50E99D6}.Release|Any CPU.Build.0 = Release|Any CPU
		{9EC42D12-7F8B-4292-8C06-4708B50E99D6}.Release|x64.ActiveCfg = Release|Any CPU
		{9EC42D12-7F8B-4292-8C06-4708B50E99D6}.Release|x64.Build.0 = Release|Any CPU
		{9EC42D12-7F8B-4292-8C06-4708B50E99D6}.Release|x86.ActiveCfg = Release|Any CPU
		{9EC42D12-7F8B-4292-8C06-4708B50E99D6}.Release|x86.Build.0 = Release|Any CPU
		{5D882B48-4233-4555-A1E2-5F4916A7FB92}.Debug|Any CPU.ActiveCfg = Debug|Any CPU
		{5D882B48-4233-4555-A1E2-5F4916A7FB92}.Debug|Any CPU.Build.0 = Debug|Any CPU
		{5D882B48-4233-4555-A1E2-5F4916A7FB92}.Debug|x64.ActiveCfg = Debug|Any CPU
		{5D882B48-4233-4555-A1E2-5F4916A7FB92}.Debug|x64.Build.0 = Debug|Any CPU
		{5D882B48-4233-4555-A1E2-5F4916A7FB92}.Debug|x86.ActiveCfg = Debug|Any CPU
		{5D882B48-4233-4555-A1E2-5F4916A7FB92}.Debug|x86.Build.0 = Debug|Any CPU
		{5D882B48-4233-4555-A1E2-5F4916A7FB92}.Release|Any CPU.ActiveCfg = Release|Any CPU
		{5D882B48-4233-4555-A1E2-5F4916A7FB92}.Release|Any CPU.Build.0 = Release|Any CPU
		{5D882B48-4233-4555-A1E2-5F4916A7FB92}.Release|x64.ActiveCfg = Release|Any CPU
		{5D882B48-4233-4555-A1E2-5F4916A7FB92}.Release|x64.Build.0 = Release|Any CPU
		{5D882B48-4233-4555-A1E2-5F4916A7FB92}.Release|x86.ActiveCfg = Release|Any CPU
		{5D882B48-4233-4555-A1E2-5F4916A7FB92}.Release|x86.Build.0 = Release|Any CPU
		{6104C9E9-839A-46E3-A214-A8AECDFAFEBA}.Debug|Any CPU.ActiveCfg = Debug|Any CPU
		{6104C9E9-839A-46E3-A214-A8AECDFAFEBA}.Debug|Any CPU.Build.0 = Debug|Any CPU
		{6104C9E9-839A-46E3-A214-A8AECDFAFEBA}.Debug|x64.ActiveCfg = Debug|Any CPU
		{6104C9E9-839A-46E3-A214-A8AECDFAFEBA}.Debug|x64.Build.0 = Debug|Any CPU
		{6104C9E9-839A-46E3-A214-A8AECDFAFEBA}.Debug|x86.ActiveCfg = Debug|Any CPU
		{6104C9E9-839A-46E3-A214-A8AECDFAFEBA}.Debug|x86.Build.0 = Debug|Any CPU
		{6104C9E9-839A-46E3-A214-A8AECDFAFEBA}.Release|Any CPU.ActiveCfg = Release|Any CPU
		{6104C9E9-839A-46E3-A214-A8AECDFAFEBA}.Release|Any CPU.Build.0 = Release|Any CPU
		{6104C9E9-839A-46E3-A214-A8AECDFAFEBA}.Release|x64.ActiveCfg = Release|Any CPU
		{6104C9E9-839A-46E3-A214-A8AECDFAFEBA}.Release|x64.Build.0 = Release|Any CPU
		{6104C9E9-839A-46E3-A214-A8AECDFAFEBA}.Release|x86.ActiveCfg = Release|Any CPU
		{6104C9E9-839A-46E3-A214-A8AECDFAFEBA}.Release|x86.Build.0 = Release|Any CPU
		{9625373C-E57A-4193-AD3A-727CDF2F815A}.Debug|Any CPU.ActiveCfg = Debug|Any CPU
		{9625373C-E57A-4193-AD3A-727CDF2F815A}.Debug|Any CPU.Build.0 = Debug|Any CPU
		{9625373C-E57A-4193-AD3A-727CDF2F815A}.Debug|x64.ActiveCfg = Debug|Any CPU
		{9625373C-E57A-4193-AD3A-727CDF2F815A}.Debug|x64.Build.0 = Debug|Any CPU
		{9625373C-E57A-4193-AD3A-727CDF2F815A}.Debug|x86.ActiveCfg = Debug|Any CPU
		{9625373C-E57A-4193-AD3A-727CDF2F815A}.Debug|x86.Build.0 = Debug|Any CPU
		{9625373C-E57A-4193-AD3A-727CDF2F815A}.Release|Any CPU.ActiveCfg = Release|Any CPU
		{9625373C-E57A-4193-AD3A-727CDF2F815A}.Release|Any CPU.Build.0 = Release|Any CPU
		{9625373C-E57A-4193-AD3A-727CDF2F815A}.Release|x64.ActiveCfg = Release|Any CPU
		{9625373C-E57A-4193-AD3A-727CDF2F815A}.Release|x64.Build.0 = Release|Any CPU
		{9625373C-E57A-4193-AD3A-727CDF2F815A}.Release|x86.ActiveCfg = Release|Any CPU
		{9625373C-E57A-4193-AD3A-727CDF2F815A}.Release|x86.Build.0 = Release|Any CPU
		{5862439B-4803-4CB0-8D86-02146CD856C1}.Debug|Any CPU.ActiveCfg = Debug|Any CPU
		{5862439B-4803-4CB0-8D86-02146CD856C1}.Debug|Any CPU.Build.0 = Debug|Any CPU
		{5862439B-4803-4CB0-8D86-02146CD856C1}.Debug|x64.ActiveCfg = Debug|Any CPU
		{5862439B-4803-4CB0-8D86-02146CD856C1}.Debug|x64.Build.0 = Debug|Any CPU
		{5862439B-4803-4CB0-8D86-02146CD856C1}.Debug|x86.ActiveCfg = Debug|Any CPU
		{5862439B-4803-4CB0-8D86-02146CD856C1}.Debug|x86.Build.0 = Debug|Any CPU
		{5862439B-4803-4CB0-8D86-02146CD856C1}.Release|Any CPU.ActiveCfg = Release|Any CPU
		{5862439B-4803-4CB0-8D86-02146CD856C1}.Release|Any CPU.Build.0 = Release|Any CPU
		{5862439B-4803-4CB0-8D86-02146CD856C1}.Release|x64.ActiveCfg = Release|Any CPU
		{5862439B-4803-4CB0-8D86-02146CD856C1}.Release|x64.Build.0 = Release|Any CPU
		{5862439B-4803-4CB0-8D86-02146CD856C1}.Release|x86.ActiveCfg = Release|Any CPU
		{5862439B-4803-4CB0-8D86-02146CD856C1}.Release|x86.Build.0 = Release|Any CPU
		{3FC705EA-36A8-461D-B067-5A7679DAB7D0}.Debug|Any CPU.ActiveCfg = Debug|Any CPU
		{3FC705EA-36A8-461D-B067-5A7679DAB7D0}.Debug|Any CPU.Build.0 = Debug|Any CPU
		{3FC705EA-36A8-461D-B067-5A7679DAB7D0}.Debug|x64.ActiveCfg = Debug|Any CPU
		{3FC705EA-36A8-461D-B067-5A7679DAB7D0}.Debug|x64.Build.0 = Debug|Any CPU
		{3FC705EA-36A8-461D-B067-5A7679DAB7D0}.Debug|x86.ActiveCfg = Debug|Any CPU
		{3FC705EA-36A8-461D-B067-5A7679DAB7D0}.Debug|x86.Build.0 = Debug|Any CPU
		{3FC705EA-36A8-461D-B067-5A7679DAB7D0}.Release|Any CPU.ActiveCfg = Release|Any CPU
		{3FC705EA-36A8-461D-B067-5A7679DAB7D0}.Release|Any CPU.Build.0 = Release|Any CPU
		{3FC705EA-36A8-461D-B067-5A7679DAB7D0}.Release|x64.ActiveCfg = Release|Any CPU
		{3FC705EA-36A8-461D-B067-5A7679DAB7D0}.Release|x64.Build.0 = Release|Any CPU
		{3FC705EA-36A8-461D-B067-5A7679DAB7D0}.Release|x86.ActiveCfg = Release|Any CPU
		{3FC705EA-36A8-461D-B067-5A7679DAB7D0}.Release|x86.Build.0 = Release|Any CPU
		{19B24EBE-61AD-4F32-A089-CB95D768E4F2}.Debug|Any CPU.ActiveCfg = Debug|Any CPU
		{19B24EBE-61AD-4F32-A089-CB95D768E4F2}.Debug|Any CPU.Build.0 = Debug|Any CPU
		{19B24EBE-61AD-4F32-A089-CB95D768E4F2}.Debug|x64.ActiveCfg = Debug|Any CPU
		{19B24EBE-61AD-4F32-A089-CB95D768E4F2}.Debug|x64.Build.0 = Debug|Any CPU
		{19B24EBE-61AD-4F32-A089-CB95D768E4F2}.Debug|x86.ActiveCfg = Debug|Any CPU
		{19B24EBE-61AD-4F32-A089-CB95D768E4F2}.Debug|x86.Build.0 = Debug|Any CPU
		{19B24EBE-61AD-4F32-A089-CB95D768E4F2}.Release|Any CPU.ActiveCfg = Release|Any CPU
		{19B24EBE-61AD-4F32-A089-CB95D768E4F2}.Release|Any CPU.Build.0 = Release|Any CPU
		{19B24EBE-61AD-4F32-A089-CB95D768E4F2}.Release|x64.ActiveCfg = Release|Any CPU
		{19B24EBE-61AD-4F32-A089-CB95D768E4F2}.Release|x64.Build.0 = Release|Any CPU
		{19B24EBE-61AD-4F32-A089-CB95D768E4F2}.Release|x86.ActiveCfg = Release|Any CPU
		{19B24EBE-61AD-4F32-A089-CB95D768E4F2}.Release|x86.Build.0 = Release|Any CPU
		{4FA218DD-9517-4361-81C4-7259ADF93482}.Debug|Any CPU.ActiveCfg = Debug|Any CPU
		{4FA218DD-9517-4361-81C4-7259ADF93482}.Debug|Any CPU.Build.0 = Debug|Any CPU
		{4FA218DD-9517-4361-81C4-7259ADF93482}.Debug|x64.ActiveCfg = Debug|Any CPU
		{4FA218DD-9517-4361-81C4-7259ADF93482}.Debug|x64.Build.0 = Debug|Any CPU
		{4FA218DD-9517-4361-81C4-7259ADF93482}.Debug|x86.ActiveCfg = Debug|Any CPU
		{4FA218DD-9517-4361-81C4-7259ADF93482}.Debug|x86.Build.0 = Debug|Any CPU
		{4FA218DD-9517-4361-81C4-7259ADF93482}.Release|Any CPU.ActiveCfg = Release|Any CPU
		{4FA218DD-9517-4361-81C4-7259ADF93482}.Release|Any CPU.Build.0 = Release|Any CPU
		{4FA218DD-9517-4361-81C4-7259ADF93482}.Release|x64.ActiveCfg = Release|Any CPU
		{4FA218DD-9517-4361-81C4-7259ADF93482}.Release|x64.Build.0 = Release|Any CPU
		{4FA218DD-9517-4361-81C4-7259ADF93482}.Release|x86.ActiveCfg = Release|Any CPU
		{4FA218DD-9517-4361-81C4-7259ADF93482}.Release|x86.Build.0 = Release|Any CPU
		{C2479E72-47F2-4777-8B12-F00D754542FF}.Debug|Any CPU.ActiveCfg = Debug|Any CPU
		{C2479E72-47F2-4777-8B12-F00D754542FF}.Debug|Any CPU.Build.0 = Debug|Any CPU
		{C2479E72-47F2-4777-8B12-F00D754542FF}.Debug|x64.ActiveCfg = Debug|Any CPU
		{C2479E72-47F2-4777-8B12-F00D754542FF}.Debug|x64.Build.0 = Debug|Any CPU
		{C2479E72-47F2-4777-8B12-F00D754542FF}.Debug|x86.ActiveCfg = Debug|Any CPU
		{C2479E72-47F2-4777-8B12-F00D754542FF}.Debug|x86.Build.0 = Debug|Any CPU
		{C2479E72-47F2-4777-8B12-F00D754542FF}.Release|Any CPU.ActiveCfg = Release|Any CPU
		{C2479E72-47F2-4777-8B12-F00D754542FF}.Release|Any CPU.Build.0 = Release|Any CPU
		{C2479E72-47F2-4777-8B12-F00D754542FF}.Release|x64.ActiveCfg = Release|Any CPU
		{C2479E72-47F2-4777-8B12-F00D754542FF}.Release|x64.Build.0 = Release|Any CPU
		{C2479E72-47F2-4777-8B12-F00D754542FF}.Release|x86.ActiveCfg = Release|Any CPU
		{C2479E72-47F2-4777-8B12-F00D754542FF}.Release|x86.Build.0 = Release|Any CPU
		{EBD46184-81B7-4939-9D0F-E2C371B20EF4}.Debug|Any CPU.ActiveCfg = Debug|Any CPU
		{EBD46184-81B7-4939-9D0F-E2C371B20EF4}.Debug|Any CPU.Build.0 = Debug|Any CPU
		{EBD46184-81B7-4939-9D0F-E2C371B20EF4}.Debug|x64.ActiveCfg = Debug|Any CPU
		{EBD46184-81B7-4939-9D0F-E2C371B20EF4}.Debug|x64.Build.0 = Debug|Any CPU
		{EBD46184-81B7-4939-9D0F-E2C371B20EF4}.Debug|x86.ActiveCfg = Debug|Any CPU
		{EBD46184-81B7-4939-9D0F-E2C371B20EF4}.Debug|x86.Build.0 = Debug|Any CPU
		{EBD46184-81B7-4939-9D0F-E2C371B20EF4}.Release|Any CPU.ActiveCfg = Release|Any CPU
		{EBD46184-81B7-4939-9D0F-E2C371B20EF4}.Release|Any CPU.Build.0 = Release|Any CPU
		{EBD46184-81B7-4939-9D0F-E2C371B20EF4}.Release|x64.ActiveCfg = Release|Any CPU
		{EBD46184-81B7-4939-9D0F-E2C371B20EF4}.Release|x64.Build.0 = Release|Any CPU
		{EBD46184-81B7-4939-9D0F-E2C371B20EF4}.Release|x86.ActiveCfg = Release|Any CPU
		{EBD46184-81B7-4939-9D0F-E2C371B20EF4}.Release|x86.Build.0 = Release|Any CPU
		{CA4FBCA2-D431-4B91-964F-15F70D480D59}.Debug|Any CPU.ActiveCfg = Debug|Any CPU
		{CA4FBCA2-D431-4B91-964F-15F70D480D59}.Debug|Any CPU.Build.0 = Debug|Any CPU
		{CA4FBCA2-D431-4B91-964F-15F70D480D59}.Debug|x64.ActiveCfg = Debug|Any CPU
		{CA4FBCA2-D431-4B91-964F-15F70D480D59}.Debug|x64.Build.0 = Debug|Any CPU
		{CA4FBCA2-D431-4B91-964F-15F70D480D59}.Debug|x86.ActiveCfg = Debug|Any CPU
		{CA4FBCA2-D431-4B91-964F-15F70D480D59}.Debug|x86.Build.0 = Debug|Any CPU
		{CA4FBCA2-D431-4B91-964F-15F70D480D59}.Release|Any CPU.ActiveCfg = Release|Any CPU
		{CA4FBCA2-D431-4B91-964F-15F70D480D59}.Release|Any CPU.Build.0 = Release|Any CPU
		{CA4FBCA2-D431-4B91-964F-15F70D480D59}.Release|x64.ActiveCfg = Release|Any CPU
		{CA4FBCA2-D431-4B91-964F-15F70D480D59}.Release|x64.Build.0 = Release|Any CPU
		{CA4FBCA2-D431-4B91-964F-15F70D480D59}.Release|x86.ActiveCfg = Release|Any CPU
		{CA4FBCA2-D431-4B91-964F-15F70D480D59}.Release|x86.Build.0 = Release|Any CPU
		{6BDC1DF4-F577-407A-BFF7-0A44FD7B068A}.Debug|Any CPU.ActiveCfg = Debug|Any CPU
		{6BDC1DF4-F577-407A-BFF7-0A44FD7B068A}.Debug|Any CPU.Build.0 = Debug|Any CPU
		{6BDC1DF4-F577-407A-BFF7-0A44FD7B068A}.Debug|x64.ActiveCfg = Debug|Any CPU
		{6BDC1DF4-F577-407A-BFF7-0A44FD7B068A}.Debug|x64.Build.0 = Debug|Any CPU
		{6BDC1DF4-F577-407A-BFF7-0A44FD7B068A}.Debug|x86.ActiveCfg = Debug|Any CPU
		{6BDC1DF4-F577-407A-BFF7-0A44FD7B068A}.Debug|x86.Build.0 = Debug|Any CPU
		{6BDC1DF4-F577-407A-BFF7-0A44FD7B068A}.Release|Any CPU.ActiveCfg = Release|Any CPU
		{6BDC1DF4-F577-407A-BFF7-0A44FD7B068A}.Release|Any CPU.Build.0 = Release|Any CPU
		{6BDC1DF4-F577-407A-BFF7-0A44FD7B068A}.Release|x64.ActiveCfg = Release|Any CPU
		{6BDC1DF4-F577-407A-BFF7-0A44FD7B068A}.Release|x64.Build.0 = Release|Any CPU
		{6BDC1DF4-F577-407A-BFF7-0A44FD7B068A}.Release|x86.ActiveCfg = Release|Any CPU
		{6BDC1DF4-F577-407A-BFF7-0A44FD7B068A}.Release|x86.Build.0 = Release|Any CPU
		{8C3A31EB-7224-4653-B3DD-16C9F50017EB}.Debug|Any CPU.ActiveCfg = Debug|Any CPU
		{8C3A31EB-7224-4653-B3DD-16C9F50017EB}.Debug|Any CPU.Build.0 = Debug|Any CPU
		{8C3A31EB-7224-4653-B3DD-16C9F50017EB}.Debug|x64.ActiveCfg = Debug|Any CPU
		{8C3A31EB-7224-4653-B3DD-16C9F50017EB}.Debug|x64.Build.0 = Debug|Any CPU
		{8C3A31EB-7224-4653-B3DD-16C9F50017EB}.Debug|x86.ActiveCfg = Debug|Any CPU
		{8C3A31EB-7224-4653-B3DD-16C9F50017EB}.Debug|x86.Build.0 = Debug|Any CPU
		{8C3A31EB-7224-4653-B3DD-16C9F50017EB}.Release|Any CPU.ActiveCfg = Release|Any CPU
		{8C3A31EB-7224-4653-B3DD-16C9F50017EB}.Release|Any CPU.Build.0 = Release|Any CPU
		{8C3A31EB-7224-4653-B3DD-16C9F50017EB}.Release|x64.ActiveCfg = Release|Any CPU
		{8C3A31EB-7224-4653-B3DD-16C9F50017EB}.Release|x64.Build.0 = Release|Any CPU
		{8C3A31EB-7224-4653-B3DD-16C9F50017EB}.Release|x86.ActiveCfg = Release|Any CPU
		{8C3A31EB-7224-4653-B3DD-16C9F50017EB}.Release|x86.Build.0 = Release|Any CPU
		{B0ABE39A-9AFE-42EE-A2A0-4786189D592E}.Debug|Any CPU.ActiveCfg = Debug|Any CPU
		{B0ABE39A-9AFE-42EE-A2A0-4786189D592E}.Debug|Any CPU.Build.0 = Debug|Any CPU
		{B0ABE39A-9AFE-42EE-A2A0-4786189D592E}.Debug|x64.ActiveCfg = Debug|Any CPU
		{B0ABE39A-9AFE-42EE-A2A0-4786189D592E}.Debug|x64.Build.0 = Debug|Any CPU
		{B0ABE39A-9AFE-42EE-A2A0-4786189D592E}.Debug|x86.ActiveCfg = Debug|Any CPU
		{B0ABE39A-9AFE-42EE-A2A0-4786189D592E}.Debug|x86.Build.0 = Debug|Any CPU
		{B0ABE39A-9AFE-42EE-A2A0-4786189D592E}.Release|Any CPU.ActiveCfg = Release|Any CPU
		{B0ABE39A-9AFE-42EE-A2A0-4786189D592E}.Release|Any CPU.Build.0 = Release|Any CPU
		{B0ABE39A-9AFE-42EE-A2A0-4786189D592E}.Release|x64.ActiveCfg = Release|Any CPU
		{B0ABE39A-9AFE-42EE-A2A0-4786189D592E}.Release|x64.Build.0 = Release|Any CPU
		{B0ABE39A-9AFE-42EE-A2A0-4786189D592E}.Release|x86.ActiveCfg = Release|Any CPU
		{B0ABE39A-9AFE-42EE-A2A0-4786189D592E}.Release|x86.Build.0 = Release|Any CPU
		{EA47AE6C-54C1-4262-A801-9F06095990E1}.Debug|Any CPU.ActiveCfg = Debug|Any CPU
		{EA47AE6C-54C1-4262-A801-9F06095990E1}.Debug|Any CPU.Build.0 = Debug|Any CPU
		{EA47AE6C-54C1-4262-A801-9F06095990E1}.Debug|x64.ActiveCfg = Debug|Any CPU
		{EA47AE6C-54C1-4262-A801-9F06095990E1}.Debug|x64.Build.0 = Debug|Any CPU
		{EA47AE6C-54C1-4262-A801-9F06095990E1}.Debug|x86.ActiveCfg = Debug|Any CPU
		{EA47AE6C-54C1-4262-A801-9F06095990E1}.Debug|x86.Build.0 = Debug|Any CPU
		{EA47AE6C-54C1-4262-A801-9F06095990E1}.Release|Any CPU.ActiveCfg = Release|Any CPU
		{EA47AE6C-54C1-4262-A801-9F06095990E1}.Release|Any CPU.Build.0 = Release|Any CPU
		{EA47AE6C-54C1-4262-A801-9F06095990E1}.Release|x64.ActiveCfg = Release|Any CPU
		{EA47AE6C-54C1-4262-A801-9F06095990E1}.Release|x64.Build.0 = Release|Any CPU
		{EA47AE6C-54C1-4262-A801-9F06095990E1}.Release|x86.ActiveCfg = Release|Any CPU
		{EA47AE6C-54C1-4262-A801-9F06095990E1}.Release|x86.Build.0 = Release|Any CPU
		{7DD4DBDF-2E56-4203-8B92-8E92F015BEF8}.Debug|Any CPU.ActiveCfg = Debug|Any CPU
		{7DD4DBDF-2E56-4203-8B92-8E92F015BEF8}.Debug|Any CPU.Build.0 = Debug|Any CPU
		{7DD4DBDF-2E56-4203-8B92-8E92F015BEF8}.Debug|x64.ActiveCfg = Debug|Any CPU
		{7DD4DBDF-2E56-4203-8B92-8E92F015BEF8}.Debug|x64.Build.0 = Debug|Any CPU
		{7DD4DBDF-2E56-4203-8B92-8E92F015BEF8}.Debug|x86.ActiveCfg = Debug|Any CPU
		{7DD4DBDF-2E56-4203-8B92-8E92F015BEF8}.Debug|x86.Build.0 = Debug|Any CPU
		{7DD4DBDF-2E56-4203-8B92-8E92F015BEF8}.Release|Any CPU.ActiveCfg = Release|Any CPU
		{7DD4DBDF-2E56-4203-8B92-8E92F015BEF8}.Release|Any CPU.Build.0 = Release|Any CPU
		{7DD4DBDF-2E56-4203-8B92-8E92F015BEF8}.Release|x64.ActiveCfg = Release|Any CPU
		{7DD4DBDF-2E56-4203-8B92-8E92F015BEF8}.Release|x64.Build.0 = Release|Any CPU
		{7DD4DBDF-2E56-4203-8B92-8E92F015BEF8}.Release|x86.ActiveCfg = Release|Any CPU
		{7DD4DBDF-2E56-4203-8B92-8E92F015BEF8}.Release|x86.Build.0 = Release|Any CPU
		{241A0049-A81F-4FD2-8D80-A3A08815E4D3}.Debug|Any CPU.ActiveCfg = Debug|Any CPU
		{241A0049-A81F-4FD2-8D80-A3A08815E4D3}.Debug|Any CPU.Build.0 = Debug|Any CPU
		{241A0049-A81F-4FD2-8D80-A3A08815E4D3}.Debug|x64.ActiveCfg = Debug|Any CPU
		{241A0049-A81F-4FD2-8D80-A3A08815E4D3}.Debug|x64.Build.0 = Debug|Any CPU
		{241A0049-A81F-4FD2-8D80-A3A08815E4D3}.Debug|x86.ActiveCfg = Debug|Any CPU
		{241A0049-A81F-4FD2-8D80-A3A08815E4D3}.Debug|x86.Build.0 = Debug|Any CPU
		{241A0049-A81F-4FD2-8D80-A3A08815E4D3}.Release|Any CPU.ActiveCfg = Release|Any CPU
		{241A0049-A81F-4FD2-8D80-A3A08815E4D3}.Release|Any CPU.Build.0 = Release|Any CPU
		{241A0049-A81F-4FD2-8D80-A3A08815E4D3}.Release|x64.ActiveCfg = Release|Any CPU
		{241A0049-A81F-4FD2-8D80-A3A08815E4D3}.Release|x64.Build.0 = Release|Any CPU
		{241A0049-A81F-4FD2-8D80-A3A08815E4D3}.Release|x86.ActiveCfg = Release|Any CPU
		{241A0049-A81F-4FD2-8D80-A3A08815E4D3}.Release|x86.Build.0 = Release|Any CPU
		{7CD44975-5233-473B-89A1-ADF70DFFF62E}.Debug|Any CPU.ActiveCfg = Debug|Any CPU
		{7CD44975-5233-473B-89A1-ADF70DFFF62E}.Debug|Any CPU.Build.0 = Debug|Any CPU
		{7CD44975-5233-473B-89A1-ADF70DFFF62E}.Debug|x64.ActiveCfg = Debug|Any CPU
		{7CD44975-5233-473B-89A1-ADF70DFFF62E}.Debug|x64.Build.0 = Debug|Any CPU
		{7CD44975-5233-473B-89A1-ADF70DFFF62E}.Debug|x86.ActiveCfg = Debug|Any CPU
		{7CD44975-5233-473B-89A1-ADF70DFFF62E}.Debug|x86.Build.0 = Debug|Any CPU
		{7CD44975-5233-473B-89A1-ADF70DFFF62E}.Release|Any CPU.ActiveCfg = Release|Any CPU
		{7CD44975-5233-473B-89A1-ADF70DFFF62E}.Release|Any CPU.Build.0 = Release|Any CPU
		{7CD44975-5233-473B-89A1-ADF70DFFF62E}.Release|x64.ActiveCfg = Release|Any CPU
		{7CD44975-5233-473B-89A1-ADF70DFFF62E}.Release|x64.Build.0 = Release|Any CPU
		{7CD44975-5233-473B-89A1-ADF70DFFF62E}.Release|x86.ActiveCfg = Release|Any CPU
		{7CD44975-5233-473B-89A1-ADF70DFFF62E}.Release|x86.Build.0 = Release|Any CPU
		{05329F7C-F019-4954-A71B-EC3D642F0499}.Debug|Any CPU.ActiveCfg = Debug|Any CPU
		{05329F7C-F019-4954-A71B-EC3D642F0499}.Debug|Any CPU.Build.0 = Debug|Any CPU
		{05329F7C-F019-4954-A71B-EC3D642F0499}.Debug|x64.ActiveCfg = Debug|Any CPU
		{05329F7C-F019-4954-A71B-EC3D642F0499}.Debug|x64.Build.0 = Debug|Any CPU
		{05329F7C-F019-4954-A71B-EC3D642F0499}.Debug|x86.ActiveCfg = Debug|Any CPU
		{05329F7C-F019-4954-A71B-EC3D642F0499}.Debug|x86.Build.0 = Debug|Any CPU
		{05329F7C-F019-4954-A71B-EC3D642F0499}.Release|Any CPU.ActiveCfg = Release|Any CPU
		{05329F7C-F019-4954-A71B-EC3D642F0499}.Release|Any CPU.Build.0 = Release|Any CPU
		{05329F7C-F019-4954-A71B-EC3D642F0499}.Release|x64.ActiveCfg = Release|Any CPU
		{05329F7C-F019-4954-A71B-EC3D642F0499}.Release|x64.Build.0 = Release|Any CPU
		{05329F7C-F019-4954-A71B-EC3D642F0499}.Release|x86.ActiveCfg = Release|Any CPU
		{05329F7C-F019-4954-A71B-EC3D642F0499}.Release|x86.Build.0 = Release|Any CPU
		{E3E4706F-B174-468C-929F-27F8C574AA1A}.Debug|Any CPU.ActiveCfg = Debug|Any CPU
		{E3E4706F-B174-468C-929F-27F8C574AA1A}.Debug|Any CPU.Build.0 = Debug|Any CPU
		{E3E4706F-B174-468C-929F-27F8C574AA1A}.Debug|x64.ActiveCfg = Debug|Any CPU
		{E3E4706F-B174-468C-929F-27F8C574AA1A}.Debug|x64.Build.0 = Debug|Any CPU
		{E3E4706F-B174-468C-929F-27F8C574AA1A}.Debug|x86.ActiveCfg = Debug|Any CPU
		{E3E4706F-B174-468C-929F-27F8C574AA1A}.Debug|x86.Build.0 = Debug|Any CPU
		{E3E4706F-B174-468C-929F-27F8C574AA1A}.Release|Any CPU.ActiveCfg = Release|Any CPU
		{E3E4706F-B174-468C-929F-27F8C574AA1A}.Release|Any CPU.Build.0 = Release|Any CPU
		{E3E4706F-B174-468C-929F-27F8C574AA1A}.Release|x64.ActiveCfg = Release|Any CPU
		{E3E4706F-B174-468C-929F-27F8C574AA1A}.Release|x64.Build.0 = Release|Any CPU
		{E3E4706F-B174-468C-929F-27F8C574AA1A}.Release|x86.ActiveCfg = Release|Any CPU
		{E3E4706F-B174-468C-929F-27F8C574AA1A}.Release|x86.Build.0 = Release|Any CPU
		{229030FC-2E2F-4259-942B-D6FB31424AB5}.Debug|Any CPU.ActiveCfg = Debug|Any CPU
		{229030FC-2E2F-4259-942B-D6FB31424AB5}.Debug|Any CPU.Build.0 = Debug|Any CPU
		{229030FC-2E2F-4259-942B-D6FB31424AB5}.Debug|x64.ActiveCfg = Debug|Any CPU
		{229030FC-2E2F-4259-942B-D6FB31424AB5}.Debug|x64.Build.0 = Debug|Any CPU
		{229030FC-2E2F-4259-942B-D6FB31424AB5}.Debug|x86.ActiveCfg = Debug|Any CPU
		{229030FC-2E2F-4259-942B-D6FB31424AB5}.Debug|x86.Build.0 = Debug|Any CPU
		{229030FC-2E2F-4259-942B-D6FB31424AB5}.Release|Any CPU.ActiveCfg = Release|Any CPU
		{229030FC-2E2F-4259-942B-D6FB31424AB5}.Release|Any CPU.Build.0 = Release|Any CPU
		{229030FC-2E2F-4259-942B-D6FB31424AB5}.Release|x64.ActiveCfg = Release|Any CPU
		{229030FC-2E2F-4259-942B-D6FB31424AB5}.Release|x64.Build.0 = Release|Any CPU
		{229030FC-2E2F-4259-942B-D6FB31424AB5}.Release|x86.ActiveCfg = Release|Any CPU
		{229030FC-2E2F-4259-942B-D6FB31424AB5}.Release|x86.Build.0 = Release|Any CPU
		{BDD2F5AF-C8F6-49E2-8F6F-88B1CFEEF12A}.Debug|Any CPU.ActiveCfg = Debug|Any CPU
		{BDD2F5AF-C8F6-49E2-8F6F-88B1CFEEF12A}.Debug|Any CPU.Build.0 = Debug|Any CPU
		{BDD2F5AF-C8F6-49E2-8F6F-88B1CFEEF12A}.Debug|x64.ActiveCfg = Debug|Any CPU
		{BDD2F5AF-C8F6-49E2-8F6F-88B1CFEEF12A}.Debug|x64.Build.0 = Debug|Any CPU
		{BDD2F5AF-C8F6-49E2-8F6F-88B1CFEEF12A}.Debug|x86.ActiveCfg = Debug|Any CPU
		{BDD2F5AF-C8F6-49E2-8F6F-88B1CFEEF12A}.Debug|x86.Build.0 = Debug|Any CPU
		{BDD2F5AF-C8F6-49E2-8F6F-88B1CFEEF12A}.Release|Any CPU.ActiveCfg = Release|Any CPU
		{BDD2F5AF-C8F6-49E2-8F6F-88B1CFEEF12A}.Release|Any CPU.Build.0 = Release|Any CPU
		{BDD2F5AF-C8F6-49E2-8F6F-88B1CFEEF12A}.Release|x64.ActiveCfg = Release|Any CPU
		{BDD2F5AF-C8F6-49E2-8F6F-88B1CFEEF12A}.Release|x64.Build.0 = Release|Any CPU
		{BDD2F5AF-C8F6-49E2-8F6F-88B1CFEEF12A}.Release|x86.ActiveCfg = Release|Any CPU
		{BDD2F5AF-C8F6-49E2-8F6F-88B1CFEEF12A}.Release|x86.Build.0 = Release|Any CPU
		{591E7612-1BAF-446D-8834-5DF748B5AA76}.Debug|Any CPU.ActiveCfg = Debug|Any CPU
		{591E7612-1BAF-446D-8834-5DF748B5AA76}.Debug|Any CPU.Build.0 = Debug|Any CPU
		{591E7612-1BAF-446D-8834-5DF748B5AA76}.Debug|x64.ActiveCfg = Debug|Any CPU
		{591E7612-1BAF-446D-8834-5DF748B5AA76}.Debug|x64.Build.0 = Debug|Any CPU
		{591E7612-1BAF-446D-8834-5DF748B5AA76}.Debug|x86.ActiveCfg = Debug|Any CPU
		{591E7612-1BAF-446D-8834-5DF748B5AA76}.Debug|x86.Build.0 = Debug|Any CPU
		{591E7612-1BAF-446D-8834-5DF748B5AA76}.Release|Any CPU.ActiveCfg = Release|Any CPU
		{591E7612-1BAF-446D-8834-5DF748B5AA76}.Release|Any CPU.Build.0 = Release|Any CPU
		{591E7612-1BAF-446D-8834-5DF748B5AA76}.Release|x64.ActiveCfg = Release|Any CPU
		{591E7612-1BAF-446D-8834-5DF748B5AA76}.Release|x64.Build.0 = Release|Any CPU
		{591E7612-1BAF-446D-8834-5DF748B5AA76}.Release|x86.ActiveCfg = Release|Any CPU
		{591E7612-1BAF-446D-8834-5DF748B5AA76}.Release|x86.Build.0 = Release|Any CPU
		{DB844C8C-AD6A-40D2-BF91-C8AD6B81B6E0}.Debug|Any CPU.ActiveCfg = Debug|Any CPU
		{DB844C8C-AD6A-40D2-BF91-C8AD6B81B6E0}.Debug|Any CPU.Build.0 = Debug|Any CPU
		{DB844C8C-AD6A-40D2-BF91-C8AD6B81B6E0}.Debug|x64.ActiveCfg = Debug|Any CPU
		{DB844C8C-AD6A-40D2-BF91-C8AD6B81B6E0}.Debug|x64.Build.0 = Debug|Any CPU
		{DB844C8C-AD6A-40D2-BF91-C8AD6B81B6E0}.Debug|x86.ActiveCfg = Debug|Any CPU
		{DB844C8C-AD6A-40D2-BF91-C8AD6B81B6E0}.Debug|x86.Build.0 = Debug|Any CPU
		{DB844C8C-AD6A-40D2-BF91-C8AD6B81B6E0}.Release|Any CPU.ActiveCfg = Release|Any CPU
		{DB844C8C-AD6A-40D2-BF91-C8AD6B81B6E0}.Release|Any CPU.Build.0 = Release|Any CPU
		{DB844C8C-AD6A-40D2-BF91-C8AD6B81B6E0}.Release|x64.ActiveCfg = Release|Any CPU
		{DB844C8C-AD6A-40D2-BF91-C8AD6B81B6E0}.Release|x64.Build.0 = Release|Any CPU
		{DB844C8C-AD6A-40D2-BF91-C8AD6B81B6E0}.Release|x86.ActiveCfg = Release|Any CPU
		{DB844C8C-AD6A-40D2-BF91-C8AD6B81B6E0}.Release|x86.Build.0 = Release|Any CPU
		{6B4857D0-C20A-4550-9C77-3E07CB640139}.Debug|Any CPU.ActiveCfg = Debug|Any CPU
		{6B4857D0-C20A-4550-9C77-3E07CB640139}.Debug|Any CPU.Build.0 = Debug|Any CPU
		{6B4857D0-C20A-4550-9C77-3E07CB640139}.Debug|x64.ActiveCfg = Debug|Any CPU
		{6B4857D0-C20A-4550-9C77-3E07CB640139}.Debug|x64.Build.0 = Debug|Any CPU
		{6B4857D0-C20A-4550-9C77-3E07CB640139}.Debug|x86.ActiveCfg = Debug|Any CPU
		{6B4857D0-C20A-4550-9C77-3E07CB640139}.Debug|x86.Build.0 = Debug|Any CPU
		{6B4857D0-C20A-4550-9C77-3E07CB640139}.Release|Any CPU.ActiveCfg = Release|Any CPU
		{6B4857D0-C20A-4550-9C77-3E07CB640139}.Release|Any CPU.Build.0 = Release|Any CPU
		{6B4857D0-C20A-4550-9C77-3E07CB640139}.Release|x64.ActiveCfg = Release|Any CPU
		{6B4857D0-C20A-4550-9C77-3E07CB640139}.Release|x64.Build.0 = Release|Any CPU
		{6B4857D0-C20A-4550-9C77-3E07CB640139}.Release|x86.ActiveCfg = Release|Any CPU
		{6B4857D0-C20A-4550-9C77-3E07CB640139}.Release|x86.Build.0 = Release|Any CPU
		{1271D29C-CB7E-4EB0-A1D9-8813D52B7297}.Debug|Any CPU.ActiveCfg = Debug|Any CPU
		{1271D29C-CB7E-4EB0-A1D9-8813D52B7297}.Debug|Any CPU.Build.0 = Debug|Any CPU
		{1271D29C-CB7E-4EB0-A1D9-8813D52B7297}.Debug|x64.ActiveCfg = Debug|Any CPU
		{1271D29C-CB7E-4EB0-A1D9-8813D52B7297}.Debug|x64.Build.0 = Debug|Any CPU
		{1271D29C-CB7E-4EB0-A1D9-8813D52B7297}.Debug|x86.ActiveCfg = Debug|Any CPU
		{1271D29C-CB7E-4EB0-A1D9-8813D52B7297}.Debug|x86.Build.0 = Debug|Any CPU
		{1271D29C-CB7E-4EB0-A1D9-8813D52B7297}.Release|Any CPU.ActiveCfg = Release|Any CPU
		{1271D29C-CB7E-4EB0-A1D9-8813D52B7297}.Release|Any CPU.Build.0 = Release|Any CPU
		{1271D29C-CB7E-4EB0-A1D9-8813D52B7297}.Release|x64.ActiveCfg = Release|Any CPU
		{1271D29C-CB7E-4EB0-A1D9-8813D52B7297}.Release|x64.Build.0 = Release|Any CPU
		{1271D29C-CB7E-4EB0-A1D9-8813D52B7297}.Release|x86.ActiveCfg = Release|Any CPU
		{1271D29C-CB7E-4EB0-A1D9-8813D52B7297}.Release|x86.Build.0 = Release|Any CPU
		{EBBD87E7-055F-4A21-B55B-10E25C6AABB3}.Debug|Any CPU.ActiveCfg = Debug|Any CPU
		{EBBD87E7-055F-4A21-B55B-10E25C6AABB3}.Debug|Any CPU.Build.0 = Debug|Any CPU
		{EBBD87E7-055F-4A21-B55B-10E25C6AABB3}.Debug|x64.ActiveCfg = Debug|Any CPU
		{EBBD87E7-055F-4A21-B55B-10E25C6AABB3}.Debug|x64.Build.0 = Debug|Any CPU
		{EBBD87E7-055F-4A21-B55B-10E25C6AABB3}.Debug|x86.ActiveCfg = Debug|Any CPU
		{EBBD87E7-055F-4A21-B55B-10E25C6AABB3}.Debug|x86.Build.0 = Debug|Any CPU
		{EBBD87E7-055F-4A21-B55B-10E25C6AABB3}.Release|Any CPU.ActiveCfg = Release|Any CPU
		{EBBD87E7-055F-4A21-B55B-10E25C6AABB3}.Release|Any CPU.Build.0 = Release|Any CPU
		{EBBD87E7-055F-4A21-B55B-10E25C6AABB3}.Release|x64.ActiveCfg = Release|Any CPU
		{EBBD87E7-055F-4A21-B55B-10E25C6AABB3}.Release|x64.Build.0 = Release|Any CPU
		{EBBD87E7-055F-4A21-B55B-10E25C6AABB3}.Release|x86.ActiveCfg = Release|Any CPU
		{EBBD87E7-055F-4A21-B55B-10E25C6AABB3}.Release|x86.Build.0 = Release|Any CPU
		{C6865C53-178D-4BD8-84B8-A4868B999804}.Debug|Any CPU.ActiveCfg = Debug|Any CPU
		{C6865C53-178D-4BD8-84B8-A4868B999804}.Debug|Any CPU.Build.0 = Debug|Any CPU
		{C6865C53-178D-4BD8-84B8-A4868B999804}.Debug|x64.ActiveCfg = Debug|Any CPU
		{C6865C53-178D-4BD8-84B8-A4868B999804}.Debug|x64.Build.0 = Debug|Any CPU
		{C6865C53-178D-4BD8-84B8-A4868B999804}.Debug|x86.ActiveCfg = Debug|Any CPU
		{C6865C53-178D-4BD8-84B8-A4868B999804}.Debug|x86.Build.0 = Debug|Any CPU
		{C6865C53-178D-4BD8-84B8-A4868B999804}.Release|Any CPU.ActiveCfg = Release|Any CPU
		{C6865C53-178D-4BD8-84B8-A4868B999804}.Release|Any CPU.Build.0 = Release|Any CPU
		{C6865C53-178D-4BD8-84B8-A4868B999804}.Release|x64.ActiveCfg = Release|Any CPU
		{C6865C53-178D-4BD8-84B8-A4868B999804}.Release|x64.Build.0 = Release|Any CPU
		{C6865C53-178D-4BD8-84B8-A4868B999804}.Release|x86.ActiveCfg = Release|Any CPU
		{C6865C53-178D-4BD8-84B8-A4868B999804}.Release|x86.Build.0 = Release|Any CPU
		{3D385450-0167-4B63-933D-DD3A5EC64A36}.Debug|Any CPU.ActiveCfg = Debug|Any CPU
		{3D385450-0167-4B63-933D-DD3A5EC64A36}.Debug|Any CPU.Build.0 = Debug|Any CPU
		{3D385450-0167-4B63-933D-DD3A5EC64A36}.Debug|x64.ActiveCfg = Debug|Any CPU
		{3D385450-0167-4B63-933D-DD3A5EC64A36}.Debug|x64.Build.0 = Debug|Any CPU
		{3D385450-0167-4B63-933D-DD3A5EC64A36}.Debug|x86.ActiveCfg = Debug|Any CPU
		{3D385450-0167-4B63-933D-DD3A5EC64A36}.Debug|x86.Build.0 = Debug|Any CPU
		{3D385450-0167-4B63-933D-DD3A5EC64A36}.Release|Any CPU.ActiveCfg = Release|Any CPU
		{3D385450-0167-4B63-933D-DD3A5EC64A36}.Release|Any CPU.Build.0 = Release|Any CPU
		{3D385450-0167-4B63-933D-DD3A5EC64A36}.Release|x64.ActiveCfg = Release|Any CPU
		{3D385450-0167-4B63-933D-DD3A5EC64A36}.Release|x64.Build.0 = Release|Any CPU
		{3D385450-0167-4B63-933D-DD3A5EC64A36}.Release|x86.ActiveCfg = Release|Any CPU
		{3D385450-0167-4B63-933D-DD3A5EC64A36}.Release|x86.Build.0 = Release|Any CPU
		{B6DD358B-52E3-4484-8F76-EC2C4D36DA4A}.Debug|Any CPU.ActiveCfg = Debug|Any CPU
		{B6DD358B-52E3-4484-8F76-EC2C4D36DA4A}.Debug|Any CPU.Build.0 = Debug|Any CPU
		{B6DD358B-52E3-4484-8F76-EC2C4D36DA4A}.Debug|x64.ActiveCfg = Debug|Any CPU
		{B6DD358B-52E3-4484-8F76-EC2C4D36DA4A}.Debug|x64.Build.0 = Debug|Any CPU
		{B6DD358B-52E3-4484-8F76-EC2C4D36DA4A}.Debug|x86.ActiveCfg = Debug|Any CPU
		{B6DD358B-52E3-4484-8F76-EC2C4D36DA4A}.Debug|x86.Build.0 = Debug|Any CPU
		{B6DD358B-52E3-4484-8F76-EC2C4D36DA4A}.Release|Any CPU.ActiveCfg = Release|Any CPU
		{B6DD358B-52E3-4484-8F76-EC2C4D36DA4A}.Release|Any CPU.Build.0 = Release|Any CPU
		{B6DD358B-52E3-4484-8F76-EC2C4D36DA4A}.Release|x64.ActiveCfg = Release|Any CPU
		{B6DD358B-52E3-4484-8F76-EC2C4D36DA4A}.Release|x64.Build.0 = Release|Any CPU
		{B6DD358B-52E3-4484-8F76-EC2C4D36DA4A}.Release|x86.ActiveCfg = Release|Any CPU
		{B6DD358B-52E3-4484-8F76-EC2C4D36DA4A}.Release|x86.Build.0 = Release|Any CPU
		{7DB952A6-5CE4-42FB-A5AC-AE8F189BFB3B}.Debug|Any CPU.ActiveCfg = Debug|Any CPU
		{7DB952A6-5CE4-42FB-A5AC-AE8F189BFB3B}.Debug|Any CPU.Build.0 = Debug|Any CPU
		{7DB952A6-5CE4-42FB-A5AC-AE8F189BFB3B}.Debug|x64.ActiveCfg = Debug|Any CPU
		{7DB952A6-5CE4-42FB-A5AC-AE8F189BFB3B}.Debug|x64.Build.0 = Debug|Any CPU
		{7DB952A6-5CE4-42FB-A5AC-AE8F189BFB3B}.Debug|x86.ActiveCfg = Debug|Any CPU
		{7DB952A6-5CE4-42FB-A5AC-AE8F189BFB3B}.Debug|x86.Build.0 = Debug|Any CPU
		{7DB952A6-5CE4-42FB-A5AC-AE8F189BFB3B}.Release|Any CPU.ActiveCfg = Release|Any CPU
		{7DB952A6-5CE4-42FB-A5AC-AE8F189BFB3B}.Release|Any CPU.Build.0 = Release|Any CPU
		{7DB952A6-5CE4-42FB-A5AC-AE8F189BFB3B}.Release|x64.ActiveCfg = Release|Any CPU
		{7DB952A6-5CE4-42FB-A5AC-AE8F189BFB3B}.Release|x64.Build.0 = Release|Any CPU
		{7DB952A6-5CE4-42FB-A5AC-AE8F189BFB3B}.Release|x86.ActiveCfg = Release|Any CPU
		{7DB952A6-5CE4-42FB-A5AC-AE8F189BFB3B}.Release|x86.Build.0 = Release|Any CPU
		{5B870E6E-4653-46FC-B0E0-B544619B0D01}.Debug|Any CPU.ActiveCfg = Debug|Any CPU
		{5B870E6E-4653-46FC-B0E0-B544619B0D01}.Debug|Any CPU.Build.0 = Debug|Any CPU
		{5B870E6E-4653-46FC-B0E0-B544619B0D01}.Debug|x64.ActiveCfg = Debug|Any CPU
		{5B870E6E-4653-46FC-B0E0-B544619B0D01}.Debug|x64.Build.0 = Debug|Any CPU
		{5B870E6E-4653-46FC-B0E0-B544619B0D01}.Debug|x86.ActiveCfg = Debug|Any CPU
		{5B870E6E-4653-46FC-B0E0-B544619B0D01}.Debug|x86.Build.0 = Debug|Any CPU
		{5B870E6E-4653-46FC-B0E0-B544619B0D01}.Release|Any CPU.ActiveCfg = Release|Any CPU
		{5B870E6E-4653-46FC-B0E0-B544619B0D01}.Release|Any CPU.Build.0 = Release|Any CPU
		{5B870E6E-4653-46FC-B0E0-B544619B0D01}.Release|x64.ActiveCfg = Release|Any CPU
		{5B870E6E-4653-46FC-B0E0-B544619B0D01}.Release|x64.Build.0 = Release|Any CPU
		{5B870E6E-4653-46FC-B0E0-B544619B0D01}.Release|x86.ActiveCfg = Release|Any CPU
		{5B870E6E-4653-46FC-B0E0-B544619B0D01}.Release|x86.Build.0 = Release|Any CPU
		{D5BF92B1-70CD-4D11-BA85-744CDEB83105}.Debug|Any CPU.ActiveCfg = Debug|Any CPU
		{D5BF92B1-70CD-4D11-BA85-744CDEB83105}.Debug|Any CPU.Build.0 = Debug|Any CPU
		{D5BF92B1-70CD-4D11-BA85-744CDEB83105}.Debug|x64.ActiveCfg = Debug|Any CPU
		{D5BF92B1-70CD-4D11-BA85-744CDEB83105}.Debug|x64.Build.0 = Debug|Any CPU
		{D5BF92B1-70CD-4D11-BA85-744CDEB83105}.Debug|x86.ActiveCfg = Debug|Any CPU
		{D5BF92B1-70CD-4D11-BA85-744CDEB83105}.Debug|x86.Build.0 = Debug|Any CPU
		{D5BF92B1-70CD-4D11-BA85-744CDEB83105}.Release|Any CPU.ActiveCfg = Release|Any CPU
		{D5BF92B1-70CD-4D11-BA85-744CDEB83105}.Release|Any CPU.Build.0 = Release|Any CPU
		{D5BF92B1-70CD-4D11-BA85-744CDEB83105}.Release|x64.ActiveCfg = Release|Any CPU
		{D5BF92B1-70CD-4D11-BA85-744CDEB83105}.Release|x64.Build.0 = Release|Any CPU
		{D5BF92B1-70CD-4D11-BA85-744CDEB83105}.Release|x86.ActiveCfg = Release|Any CPU
		{D5BF92B1-70CD-4D11-BA85-744CDEB83105}.Release|x86.Build.0 = Release|Any CPU
		{87A36476-93EE-4A3E-9971-EF87B355063E}.Debug|Any CPU.ActiveCfg = Debug|Any CPU
		{87A36476-93EE-4A3E-9971-EF87B355063E}.Debug|Any CPU.Build.0 = Debug|Any CPU
		{87A36476-93EE-4A3E-9971-EF87B355063E}.Debug|x64.ActiveCfg = Debug|Any CPU
		{87A36476-93EE-4A3E-9971-EF87B355063E}.Debug|x64.Build.0 = Debug|Any CPU
		{87A36476-93EE-4A3E-9971-EF87B355063E}.Debug|x86.ActiveCfg = Debug|Any CPU
		{87A36476-93EE-4A3E-9971-EF87B355063E}.Debug|x86.Build.0 = Debug|Any CPU
		{87A36476-93EE-4A3E-9971-EF87B355063E}.Release|Any CPU.ActiveCfg = Release|Any CPU
		{87A36476-93EE-4A3E-9971-EF87B355063E}.Release|Any CPU.Build.0 = Release|Any CPU
		{87A36476-93EE-4A3E-9971-EF87B355063E}.Release|x64.ActiveCfg = Release|Any CPU
		{87A36476-93EE-4A3E-9971-EF87B355063E}.Release|x64.Build.0 = Release|Any CPU
		{87A36476-93EE-4A3E-9971-EF87B355063E}.Release|x86.ActiveCfg = Release|Any CPU
		{87A36476-93EE-4A3E-9971-EF87B355063E}.Release|x86.Build.0 = Release|Any CPU
	EndGlobalSection
	GlobalSection(SolutionProperties) = preSolution
		HideSolutionNode = FALSE
	EndGlobalSection
	GlobalSection(NestedProjects) = preSolution
		{548C4A45-4389-4A59-800C-FB28A4ABC8BF} = {4E96F498-D9F0-4C86-A1AF-F311573787C6}
		{15C0AE3A-6E86-402A-872D-88644C3F059D} = {3E3DB345-C5A7-4736-B925-A9125E832CE4}
		{FB2867BA-7988-43DB-B6CB-4A6B3F6B05B4} = {3E3DB345-C5A7-4736-B925-A9125E832CE4}
		{8471A11A-89F2-47AA-BC2D-CA70BDE47B5A} = {3E3DB345-C5A7-4736-B925-A9125E832CE4}
		{F8CE0035-92E9-471E-807E-D468EE2F0510} = {E7161EF4-F0DF-4933-B638-80A73F5DE9F6}
		{B86F60EC-DF97-4FF4-8C0C-D8D7C150F0F3} = {E7161EF4-F0DF-4933-B638-80A73F5DE9F6}
		{213DCF8A-8D69-449C-B70A-CD4C95580D40} = {E7161EF4-F0DF-4933-B638-80A73F5DE9F6}
		{744E4122-1AA3-4215-A42F-70BD44EB4BBA} = {0760940F-69AC-444D-BCA1-071E14BF3971}
		{5772D5ED-A1AA-4084-861E-05263DF967C7} = {0760940F-69AC-444D-BCA1-071E14BF3971}
		{F0488CFE-1D85-4AA6-BD10-BFC54A826F21} = {30A6F008-2922-4C41-B1BC-2D275123DFD4}
		{C5509F2C-7B6D-430F-989D-591D568FE54B} = {30A6F008-2922-4C41-B1BC-2D275123DFD4}
		{4D9BA5A4-24CE-49BB-A8B6-48F527C64F45} = {6DEAF816-6FFC-4866-9F38-6C05EE9294E1}
		{5FBDAA42-F07F-4D0B-BB4D-79E5D2B637D9} = {6DEAF816-6FFC-4866-9F38-6C05EE9294E1}
		{DFF897AC-8F1D-47CC-92F2-D5FB036C27A9} = {B40F6960-0E20-4397-A9A2-FC6119C62A20}
		{B355F342-9E46-4AA6-9920-6906026BAE4A} = {3AF852F2-E8CF-4FB0-9761-122BF279EA3B}
		{BFA42EF0-98AC-4E8F-8C65-98E211807444} = {769E10BC-C46D-4952-B58C-634F087425DC}
		{849E7D0B-9209-42E5-9990-28F9931EA69D} = {EB17F2C8-B1F2-4DD6-8D61-DED212250638}
		{0F11C0B0-1B4E-4665-9856-7EFE2E9077F2} = {96421112-31ED-410B-88C9-E2862B70968A}
		{6FCD7CA4-67D4-4563-83C6-FB33D49B7F73} = {0F11C0B0-1B4E-4665-9856-7EFE2E9077F2}
		{A935CB84-1C78-4C91-A046-CB238E17117F} = {0F11C0B0-1B4E-4665-9856-7EFE2E9077F2}
		{0443E8B4-BE3A-4C2E-A5F6-9B9FC10A3D5A} = {0F11C0B0-1B4E-4665-9856-7EFE2E9077F2}
		{9CB281D5-4A44-4901-9E04-8A2B4EDCB128} = {0F11C0B0-1B4E-4665-9856-7EFE2E9077F2}
		{14D8F372-E76E-4332-903D-FDBD73080A84} = {0F11C0B0-1B4E-4665-9856-7EFE2E9077F2}
		{A2011E94-B3C0-4162-BD69-93651D1A35AB} = {0F11C0B0-1B4E-4665-9856-7EFE2E9077F2}
		{FAE2C56C-2A55-41BC-8356-CEA7DF8F3E69} = {6F1D2AF8-D4B7-45E1-AF10-6690306F7D61}
		{E05316B6-A301-4F21-92BF-561F7CACCFC2} = {6F1D2AF8-D4B7-45E1-AF10-6690306F7D61}
		{83D47DBF-822B-43F5-AB1A-E6A57423C123} = {6F1D2AF8-D4B7-45E1-AF10-6690306F7D61}
		{23892951-1E71-40D2-92D6-EFF4230E307A} = {6F1D2AF8-D4B7-45E1-AF10-6690306F7D61}
		{B3707F00-C9E8-43A8-B2C3-F57F2BCE0A2A} = {6F1D2AF8-D4B7-45E1-AF10-6690306F7D61}
		{A53382AC-9028-44FA-97EE-300F268C160D} = {61198E36-AAFF-4486-9463-A3D37F9AC4F1}
		{83BD9B16-2C16-4498-A189-332F8E6390D3} = {29E424FA-4874-4E72-BF5D-65B55F0E56AF}
		{9EC42D12-7F8B-4292-8C06-4708B50E99D6} = {B995092F-858A-4C95-8108-050C8DA56198}
		{B995092F-858A-4C95-8108-050C8DA56198} = {7D16DCC2-BD53-4DE5-9C42-FB84ECCF02E8}
		{5D882B48-4233-4555-A1E2-5F4916A7FB92} = {B995092F-858A-4C95-8108-050C8DA56198}
		{6104C9E9-839A-46E3-A214-A8AECDFAFEBA} = {C7636040-523D-4889-B629-40A44E36EA35}
		{9067B836-ABB5-4DC8-A236-C244FDE6314E} = {7D16DCC2-BD53-4DE5-9C42-FB84ECCF02E8}
		{9625373C-E57A-4193-AD3A-727CDF2F815A} = {9067B836-ABB5-4DC8-A236-C244FDE6314E}
		{159D085B-5A14-471C-8EFF-8F12DC11AA5F} = {96421112-31ED-410B-88C9-E2862B70968A}
		{5862439B-4803-4CB0-8D86-02146CD856C1} = {159D085B-5A14-471C-8EFF-8F12DC11AA5F}
		{3FC705EA-36A8-461D-B067-5A7679DAB7D0} = {B5F31134-0977-4B05-B667-9DF5DB42A2CD}
		{19B24EBE-61AD-4F32-A089-CB95D768E4F2} = {EAFCF35A-F8E0-4DE0-A457-76C1FA53B829}
		{4FA218DD-9517-4361-81C4-7259ADF93482} = {EAFCF35A-F8E0-4DE0-A457-76C1FA53B829}
		{C2479E72-47F2-4777-8B12-F00D754542FF} = {EAFCF35A-F8E0-4DE0-A457-76C1FA53B829}
		{EBD46184-81B7-4939-9D0F-E2C371B20EF4} = {EAFCF35A-F8E0-4DE0-A457-76C1FA53B829}
		{CA4FBCA2-D431-4B91-964F-15F70D480D59} = {E196CC19-3AFC-4391-A910-1AD87A0B253D}
		{6BDC1DF4-F577-407A-BFF7-0A44FD7B068A} = {EEB77572-C816-4CC0-AF83-A6F4E8486A4B}
		{8C3A31EB-7224-4653-B3DD-16C9F50017EB} = {618554F4-B8FD-4A66-9018-9D46FF58A9C1}
		{B0ABE39A-9AFE-42EE-A2A0-4786189D592E} = {EEB77572-C816-4CC0-AF83-A6F4E8486A4B}
		{EA47AE6C-54C1-4262-A801-9F06095990E1} = {022EC833-ACDA-4301-AB76-7D018F67FB40}
		{7DD4DBDF-2E56-4203-8B92-8E92F015BEF8} = {022EC833-ACDA-4301-AB76-7D018F67FB40}
		{241A0049-A81F-4FD2-8D80-A3A08815E4D3} = {022EC833-ACDA-4301-AB76-7D018F67FB40}
		{022EC833-ACDA-4301-AB76-7D018F67FB40} = {6F1D2AF8-D4B7-45E1-AF10-6690306F7D61}
		{21FA8166-A777-4EC0-8677-2BA80449A798} = {7D16DCC2-BD53-4DE5-9C42-FB84ECCF02E8}
		{7CD44975-5233-473B-89A1-ADF70DFFF62E} = {21FA8166-A777-4EC0-8677-2BA80449A798}
		{05329F7C-F019-4954-A71B-EC3D642F0499} = {21FA8166-A777-4EC0-8677-2BA80449A798}
		{BC8C58CC-62D0-4564-8090-E35442DC7EA3} = {7D16DCC2-BD53-4DE5-9C42-FB84ECCF02E8}
		{E3E4706F-B174-468C-929F-27F8C574AA1A} = {BC8C58CC-62D0-4564-8090-E35442DC7EA3}
		{229030FC-2E2F-4259-942B-D6FB31424AB5} = {EAFCF35A-F8E0-4DE0-A457-76C1FA53B829}
		{591E7612-1BAF-446D-8834-5DF748B5AA76} = {EAFCF35A-F8E0-4DE0-A457-76C1FA53B829}
		{DB844C8C-AD6A-40D2-BF91-C8AD6B81B6E0} = {AFA481C8-90AA-4047-8E29-F0788DCEE5A6}
		{6B4857D0-C20A-4550-9C77-3E07CB640139} = {EAFCF35A-F8E0-4DE0-A457-76C1FA53B829}
		{1271D29C-CB7E-4EB0-A1D9-8813D52B7297} = {C7636040-523D-4889-B629-40A44E36EA35}
		{EBBD87E7-055F-4A21-B55B-10E25C6AABB3} = {D6E06217-5F6F-4F5D-940F-7327B1A1AA5F}
		{C6865C53-178D-4BD8-84B8-A4868B999804} = {D6E06217-5F6F-4F5D-940F-7327B1A1AA5F}
		{3D385450-0167-4B63-933D-DD3A5EC64A36} = {EAFCF35A-F8E0-4DE0-A457-76C1FA53B829}
		{B6DD358B-52E3-4484-8F76-EC2C4D36DA4A} = {EAFCF35A-F8E0-4DE0-A457-76C1FA53B829}
		{7DB952A6-5CE4-42FB-A5AC-AE8F189BFB3B} = {EAFCF35A-F8E0-4DE0-A457-76C1FA53B829}
		{5B870E6E-4653-46FC-B0E0-B544619B0D01} = {EAFCF35A-F8E0-4DE0-A457-76C1FA53B829}
		{D5BF92B1-70CD-4D11-BA85-744CDEB83105} = {EAFCF35A-F8E0-4DE0-A457-76C1FA53B829}
		{87A36476-93EE-4A3E-9971-EF87B355063E} = {EAFCF35A-F8E0-4DE0-A457-76C1FA53B829}
	EndGlobalSection
	GlobalSection(ExtensibilityGlobals) = postSolution
		SolutionGuid = {F2E19F94-9E4D-4161-A917-1A06BB108C11}
	EndGlobalSection
EndGlobal
